// !$*UTF8*$!
{
	archiveVersion = 1;
	classes = {
	};
	objectVersion = 46;
	objects = {

/* Begin PBXAggregateTarget section */
		516A1EFE2C8C409D949F4E84 /* uninstall */ = {
			isa = PBXAggregateTarget;
			buildConfigurationList = 380C32BBF1ED4711B1026102 /* Build configuration list for PBXAggregateTarget "uninstall" */;
			buildPhases = (
				AC676DBC3A5C0456D64BD647 /* Generate deps/glfw/CMakeFiles/uninstall */,
			);
			dependencies = (
			);
			name = uninstall;
			productName = uninstall;
		};
		A4E48F828FB2441FB2BA5A00 /* ALL_BUILD */ = {
			isa = PBXAggregateTarget;
			buildConfigurationList = 56A8EC376CA74B14933A681E /* Build configuration list for PBXAggregateTarget "ALL_BUILD" */;
			buildPhases = (
				D7273F4C2A4A349EC97D0068 /* Generate CMakeFiles/ALL_BUILD */,
			);
			dependencies = (
				11D00BB3CE4E4F94B6A240AA /* PBXTargetDependency */,
				6C1C4B5C61B745199D48798F /* PBXTargetDependency */,
				5068F2FE93B94644AF02E6C4 /* PBXTargetDependency */,
				AE9EB23AACA042639FB0028E /* PBXTargetDependency */,
			);
			name = ALL_BUILD;
			productName = ALL_BUILD;
		};
		C6B6329396E14EF0A6A1D82F /* ZERO_CHECK */ = {
			isa = PBXAggregateTarget;
			buildConfigurationList = EC86E3B956E14A699EDA0B0F /* Build configuration list for PBXAggregateTarget "ZERO_CHECK" */;
			buildPhases = (
				0F1D783667E81D2F78381BE2 /* Generate CMakeFiles/ZERO_CHECK */,
			);
			dependencies = (
			);
			name = ZERO_CHECK;
			productName = ZERO_CHECK;
		};
		D2B7C987A45A48EBA93337A0 /* install */ = {
			isa = PBXAggregateTarget;
			buildConfigurationList = CEDDC71DBFF94C17B8004FBE /* Build configuration list for PBXAggregateTarget "install" */;
			buildPhases = (
				93426DA6A4AC2C2AC9CE883C /* CMake PostBuild Rules */,
			);
			dependencies = (
				3BA56DE952F94800BD631596 /* PBXTargetDependency */,
			);
			name = install;
			productName = install;
		};
/* End PBXAggregateTarget section */

/* Begin PBXBuildFile section */
		0304DCA1A2954EA1B6E3D3EF /* /Users/alexhao/desktop/CS184/cs184-final-project/CGL/deps/glew/src/glewinfo.c */ = {isa = PBXBuildFile; fileRef = 093B433EA8D3426798D3F97F /* /Users/alexhao/desktop/CS184/cs184-final-project/CGL/deps/glew/src/glewinfo.c */; };
		0A0896251299461484763E7E /* /Users/alexhao/desktop/CS184/cs184-final-project/CGL/deps/glfw/src/posix_thread.c */ = {isa = PBXBuildFile; fileRef = 165A318394994E1A81AF1A59 /* /Users/alexhao/desktop/CS184/cs184-final-project/CGL/deps/glfw/src/posix_thread.c */; };
		0AEFC600E3524318BE622713 /* /Users/alexhao/desktop/CS184/cs184-final-project/CGL/deps/glfw/src/vulkan.c */ = {isa = PBXBuildFile; fileRef = 324A04F4A85E4C5DB1A379F5 /* /Users/alexhao/desktop/CS184/cs184-final-project/CGL/deps/glfw/src/vulkan.c */; settings = {COMPILER_FLAGS = "-Wdeclaration-after-statement"; }; };
		0CF94CCFD30F41599066365B /* /Users/alexhao/desktop/CS184/cs184-final-project/CGL/src/osdtext.cpp */ = {isa = PBXBuildFile; fileRef = 83A117F26A884A85A0C7C741 /* /Users/alexhao/desktop/CS184/cs184-final-project/CGL/src/osdtext.cpp */; };
		0D77C173F1E5454BAD5157AB /* /Users/alexhao/desktop/CS184/cs184-final-project/CGL/src/path.cpp */ = {isa = PBXBuildFile; fileRef = CE8FABE35A2349CC8EFE4BC0 /* /Users/alexhao/desktop/CS184/cs184-final-project/CGL/src/path.cpp */; };
		183E30286A4147FBADAB373A /* /Users/alexhao/desktop/CS184/cs184-final-project/CGL/src/vector4D.cpp */ = {isa = PBXBuildFile; fileRef = 4A4E4B8ADEFD420198CC2A74 /* /Users/alexhao/desktop/CS184/cs184-final-project/CGL/src/vector4D.cpp */; };
		1C3F3D4160624510AD8EAB5D /* /Users/alexhao/desktop/CS184/cs184-final-project/CGL/src/matrix3x3.cpp */ = {isa = PBXBuildFile; fileRef = DD3A44C372B7412FA3054ACC /* /Users/alexhao/desktop/CS184/cs184-final-project/CGL/src/matrix3x3.cpp */; };
		2133FF246B7D424BB91F058F /* /Users/alexhao/desktop/CS184/cs184-final-project/CGL/src/tinyxml2.cpp */ = {isa = PBXBuildFile; fileRef = EC2711C6A6DE480DADCA45EA /* /Users/alexhao/desktop/CS184/cs184-final-project/CGL/src/tinyxml2.cpp */; };
		2A9ACA1A5949485C8E085D42 /* /Users/alexhao/desktop/CS184/cs184-final-project/CGL/src/vector3D.cpp */ = {isa = PBXBuildFile; fileRef = A5619303922A4F4BB969CA02 /* /Users/alexhao/desktop/CS184/cs184-final-project/CGL/src/vector3D.cpp */; };
		2BFD46A1E5904AF79BCEE488 /* /Users/alexhao/desktop/CS184/cs184-final-project/CGL/deps/glfw/src/cocoa_init.m */ = {isa = PBXBuildFile; fileRef = 501BCE7E63EA41118395A562 /* /Users/alexhao/desktop/CS184/cs184-final-project/CGL/deps/glfw/src/cocoa_init.m */; };
		2EA88F8AE4D940A0814549AD /* /Users/alexhao/desktop/CS184/cs184-final-project/CGL/deps/glfw/include/GLFW/glfw3native.h */ = {isa = PBXBuildFile; fileRef = 0143316053294AF59E8101A8 /* /Users/alexhao/desktop/CS184/cs184-final-project/CGL/deps/glfw/include/GLFW/glfw3native.h */; };
		32FC7D26CC8E4C87884A0E2C /* /Users/alexhao/desktop/CS184/cs184-final-project/CGL/deps/glew/src/visualinfo.c */ = {isa = PBXBuildFile; fileRef = 7FEB199C332A40B9B81E7027 /* /Users/alexhao/desktop/CS184/cs184-final-project/CGL/deps/glew/src/visualinfo.c */; };
		46A688B9429B475EA49C6492 /* /Users/alexhao/desktop/CS184/cs184-final-project/CGL/deps/glew/src/glew.c */ = {isa = PBXBuildFile; fileRef = FF00DC9358C3489B98BA7F76 /* /Users/alexhao/desktop/CS184/cs184-final-project/CGL/deps/glew/src/glew.c */; };
		489D82BCB51B4BCAB4B07973 /* /Users/alexhao/desktop/CS184/cs184-final-project/CGL/deps/glfw/src/osmesa_context.h */ = {isa = PBXBuildFile; fileRef = BFF4F1115C674F1DB1F6068C /* /Users/alexhao/desktop/CS184/cs184-final-project/CGL/deps/glfw/src/osmesa_context.h */; };
		4BDAB6A8B7334F91B206915F /* /Users/alexhao/desktop/CS184/cs184-final-project/CGL/deps/glfw/src/cocoa_time.c */ = {isa = PBXBuildFile; fileRef = 338645CAAF814333B8ACC5FF /* /Users/alexhao/desktop/CS184/cs184-final-project/CGL/deps/glfw/src/cocoa_time.c */; };
		4E45CD3CCCE64C5F8E5E24D9 /* /Users/alexhao/desktop/CS184/cs184-final-project/CGL/src/quaternion.cpp */ = {isa = PBXBuildFile; fileRef = B02673E433FD4C5B97BC77BC /* /Users/alexhao/desktop/CS184/cs184-final-project/CGL/src/quaternion.cpp */; };
		513AAFF2E3DE4FB18F601953 /* /Users/alexhao/desktop/CS184/cs184-final-project/CGL/deps/glfw/src/CMakeLists.txt */ = {isa = PBXBuildFile; fileRef = 55C857AC8039425D9705A235 /* /Users/alexhao/desktop/CS184/cs184-final-project/CGL/deps/glfw/src/CMakeLists.txt */; };
		52DACF38306C44489D9F41A6 /* /Users/alexhao/desktop/CS184/cs184-final-project/CGL/CMakeLists.txt */ = {isa = PBXBuildFile; fileRef = 4DD14679D1D5413DB7D2410F /* /Users/alexhao/desktop/CS184/cs184-final-project/CGL/CMakeLists.txt */; };
		64F7FDE10C4046008201EEA8 /* /Users/alexhao/desktop/CS184/cs184-final-project/CGL/src/complex.cpp */ = {isa = PBXBuildFile; fileRef = 065058D4C0D547818A3396E4 /* /Users/alexhao/desktop/CS184/cs184-final-project/CGL/src/complex.cpp */; };
		6802B98B84784DB59CF21272 /* /Users/alexhao/desktop/CS184/cs184-final-project/CGL/src/color.cpp */ = {isa = PBXBuildFile; fileRef = 36CEB01371CF4502B75AB9FA /* /Users/alexhao/desktop/CS184/cs184-final-project/CGL/src/color.cpp */; };
		7290592246F24D7E9510A263 /* /Users/alexhao/desktop/CS184/cs184-final-project/CGL/deps/glfw/src/cocoa_joystick.m */ = {isa = PBXBuildFile; fileRef = 87E090984E9C4A39B7266D3F /* /Users/alexhao/desktop/CS184/cs184-final-project/CGL/deps/glfw/src/cocoa_joystick.m */; };
		7FE40AD16FB14F02B5939432 /* /Users/alexhao/desktop/CS184/cs184-final-project/CGL/deps/glfw/src/egl_context.h */ = {isa = PBXBuildFile; fileRef = 20DB0CB093B44DD4BE3A8C61 /* /Users/alexhao/desktop/CS184/cs184-final-project/CGL/deps/glfw/src/egl_context.h */; };
		8045783A216046B2921EF157 /* /Users/alexhao/desktop/CS184/cs184-final-project/CGL/deps/glfw/src/cocoa_platform.h */ = {isa = PBXBuildFile; fileRef = 804C65D84A9A414CBD07B760 /* /Users/alexhao/desktop/CS184/cs184-final-project/CGL/deps/glfw/src/cocoa_platform.h */; };
		83D8E949BC474AB69EE0653C /* /Users/alexhao/desktop/CS184/cs184-final-project/CGL/deps/glew/CMakeLists.txt */ = {isa = PBXBuildFile; fileRef = 09ABF6A37C5540C19C0D4DEC /* /Users/alexhao/desktop/CS184/cs184-final-project/CGL/deps/glew/CMakeLists.txt */; };
		86A977C9F120430BAFFC3D6F /* /Users/alexhao/desktop/CS184/cs184-final-project/CGL/src/vector2D.cpp */ = {isa = PBXBuildFile; fileRef = 67966A2217A641CFA7E148B0 /* /Users/alexhao/desktop/CS184/cs184-final-project/CGL/src/vector2D.cpp */; };
		873821FD46E54082BF196A09 /* /Users/alexhao/desktop/CS184/cs184-final-project/xcode/CGL/deps/glfw/src/glfw_config.h */ = {isa = PBXBuildFile; fileRef = A14387A4857649DC8B74B101 /* /Users/alexhao/desktop/CS184/cs184-final-project/xcode/CGL/deps/glfw/src/glfw_config.h */; };
		87987DAF2DA04E7A958496A7 /* /Users/alexhao/desktop/CS184/cs184-final-project/CGL/deps/glfw/src/mappings.h */ = {isa = PBXBuildFile; fileRef = C11D71F895A14CBFB457D9EF /* /Users/alexhao/desktop/CS184/cs184-final-project/CGL/deps/glfw/src/mappings.h */; };
		95020883604C468790C785EF /* /Users/alexhao/desktop/CS184/cs184-final-project/CGL/src/osdfont.cpp */ = {isa = PBXBuildFile; fileRef = FFB51FC6388443A59A04EE97 /* /Users/alexhao/desktop/CS184/cs184-final-project/CGL/src/osdfont.cpp */; };
		9A073FF15F5647CA9ED957C5 /* /Users/alexhao/desktop/CS184/cs184-final-project/CGL/deps/glfw/src/window.c */ = {isa = PBXBuildFile; fileRef = DE6FD455F96A47A3B33076AC /* /Users/alexhao/desktop/CS184/cs184-final-project/CGL/deps/glfw/src/window.c */; settings = {COMPILER_FLAGS = "-Wdeclaration-after-statement"; }; };
		9AF4888270544AE88A3CE790 /* /Users/alexhao/desktop/CS184/cs184-final-project/CGL/deps/glfw/src/cocoa_window.m */ = {isa = PBXBuildFile; fileRef = 4227AF008F1F4A7DAD1F60A7 /* /Users/alexhao/desktop/CS184/cs184-final-project/CGL/deps/glfw/src/cocoa_window.m */; };
		B1F23424A82040B69887FDEC /* /Users/alexhao/desktop/CS184/cs184-final-project/CGL/deps/glfw/src/input.c */ = {isa = PBXBuildFile; fileRef = 6F60BD2D202D4C29B58C4807 /* /Users/alexhao/desktop/CS184/cs184-final-project/CGL/deps/glfw/src/input.c */; settings = {COMPILER_FLAGS = "-Wdeclaration-after-statement"; }; };
		B67877921AA04D1B9519F7FA /* /Users/alexhao/desktop/CS184/cs184-final-project/CGL/deps/glfw/src/osmesa_context.c */ = {isa = PBXBuildFile; fileRef = 97F1DFEAF3F34CA1BB21D603 /* /Users/alexhao/desktop/CS184/cs184-final-project/CGL/deps/glfw/src/osmesa_context.c */; settings = {COMPILER_FLAGS = "-Wdeclaration-after-statement"; }; };
		B96A13ABF2D8432BA3266FDB /* /Users/alexhao/desktop/CS184/cs184-final-project/CGL/deps/glfw/src/monitor.c */ = {isa = PBXBuildFile; fileRef = 1354F765B89F4DB59639B552 /* /Users/alexhao/desktop/CS184/cs184-final-project/CGL/deps/glfw/src/monitor.c */; settings = {COMPILER_FLAGS = "-Wdeclaration-after-statement"; }; };
		B9C0236035D349A1B390F151 /* /Users/alexhao/desktop/CS184/cs184-final-project/CGL/src/matrix4x4.cpp */ = {isa = PBXBuildFile; fileRef = F0C2E7D08E4A4D15A8FCB065 /* /Users/alexhao/desktop/CS184/cs184-final-project/CGL/src/matrix4x4.cpp */; };
		BF06DC55BB0947549158A337 /* /Users/alexhao/desktop/CS184/cs184-final-project/CGL/src/viewer.cpp */ = {isa = PBXBuildFile; fileRef = 9A3DC469A6B0417C912D9483 /* /Users/alexhao/desktop/CS184/cs184-final-project/CGL/src/viewer.cpp */; };
		BFEC4529CEE04E488B70286A /* /Users/alexhao/desktop/CS184/cs184-final-project/CGL/src/base64.cpp */ = {isa = PBXBuildFile; fileRef = D940970DEEF04FC3962C1DC0 /* /Users/alexhao/desktop/CS184/cs184-final-project/CGL/src/base64.cpp */; };
		C8F1C14740534AA798FC51DE /* /Users/alexhao/desktop/CS184/cs184-final-project/CGL/deps/glfw/src/egl_context.c */ = {isa = PBXBuildFile; fileRef = 12FF79AB6D4C4842823AD787 /* /Users/alexhao/desktop/CS184/cs184-final-project/CGL/deps/glfw/src/egl_context.c */; settings = {COMPILER_FLAGS = "-Wdeclaration-after-statement"; }; };
		CDDC1FBB86E74745A8D0F449 /* /Users/alexhao/desktop/CS184/cs184-final-project/CGL/deps/glfw/src/internal.h */ = {isa = PBXBuildFile; fileRef = 9793E0710ADA4C778E380DB8 /* /Users/alexhao/desktop/CS184/cs184-final-project/CGL/deps/glfw/src/internal.h */; };
		D22F90DDEEAF459F8C4FC188 /* /Users/alexhao/desktop/CS184/cs184-final-project/CGL/deps/glfw/src/context.c */ = {isa = PBXBuildFile; fileRef = E4B2B7F92751405F8FA8385D /* /Users/alexhao/desktop/CS184/cs184-final-project/CGL/deps/glfw/src/context.c */; settings = {COMPILER_FLAGS = "-Wdeclaration-after-statement"; }; };
		DFA13CFA51C04E4789EBA8B7 /* /Users/alexhao/desktop/CS184/cs184-final-project/CGL/deps/glfw/src/cocoa_joystick.h */ = {isa = PBXBuildFile; fileRef = 365979B560CA48C3A543222D /* /Users/alexhao/desktop/CS184/cs184-final-project/CGL/deps/glfw/src/cocoa_joystick.h */; };
		EC63A394A8A3442FB284F3A2 /* /Users/alexhao/desktop/CS184/cs184-final-project/CGL/deps/glfw/src/nsgl_context.h */ = {isa = PBXBuildFile; fileRef = C9EC859E519849DB841D4197 /* /Users/alexhao/desktop/CS184/cs184-final-project/CGL/deps/glfw/src/nsgl_context.h */; };
		EE4F1754482A46A2A2B79807 /* /Users/alexhao/desktop/CS184/cs184-final-project/CGL/deps/glfw/src/nsgl_context.m */ = {isa = PBXBuildFile; fileRef = 65FD0844FEFF451C99C4EDC4 /* /Users/alexhao/desktop/CS184/cs184-final-project/CGL/deps/glfw/src/nsgl_context.m */; };
		F0B50F994461419BA4997536 /* /Users/alexhao/desktop/CS184/cs184-final-project/CGL/src/lodepng.cpp */ = {isa = PBXBuildFile; fileRef = 5BDB0F7A1FE8495B85F2AE76 /* /Users/alexhao/desktop/CS184/cs184-final-project/CGL/src/lodepng.cpp */; };
		F121300EED294C7884830410 /* /Users/alexhao/desktop/CS184/cs184-final-project/CGL/deps/glfw/src/init.c */ = {isa = PBXBuildFile; fileRef = E48AFE00447C482C938D45DC /* /Users/alexhao/desktop/CS184/cs184-final-project/CGL/deps/glfw/src/init.c */; settings = {COMPILER_FLAGS = "-Wdeclaration-after-statement"; }; };
		F4A1704DA287404AB47B754F /* /Users/alexhao/desktop/CS184/cs184-final-project/CGL/deps/glfw/src/posix_thread.h */ = {isa = PBXBuildFile; fileRef = B1782BC4FF7B470487FF4FF5 /* /Users/alexhao/desktop/CS184/cs184-final-project/CGL/deps/glfw/src/posix_thread.h */; };
		F6B49FD65E834D9388F53C9E /* /Users/alexhao/desktop/CS184/cs184-final-project/CGL/deps/glfw/include/GLFW/glfw3.h */ = {isa = PBXBuildFile; fileRef = E1335AC0C8BB41E4A2A5DD4A /* /Users/alexhao/desktop/CS184/cs184-final-project/CGL/deps/glfw/include/GLFW/glfw3.h */; };
		F8F553DD60154693BAE4C81C /* /Users/alexhao/desktop/CS184/cs184-final-project/CGL/deps/glfw/src/cocoa_monitor.m */ = {isa = PBXBuildFile; fileRef = B1303AE1EE3E441D9D115308 /* /Users/alexhao/desktop/CS184/cs184-final-project/CGL/deps/glfw/src/cocoa_monitor.m */; };
/* End PBXBuildFile section */

/* Begin PBXBuildStyle section */
		670155AEDBE04AAFABA5CBF5 /* Release */ = {
			isa = PBXBuildStyle;
			buildSettings = {
				COPY_PHASE_STRIP = NO;
			};
			name = Release;
		};
		81A0274B23E3415ABAB91F74 /* RelWithDebInfo */ = {
			isa = PBXBuildStyle;
			buildSettings = {
				COPY_PHASE_STRIP = NO;
			};
			name = RelWithDebInfo;
		};
		C296F08A8A04408AB35995C2 /* Debug */ = {
			isa = PBXBuildStyle;
			buildSettings = {
				COPY_PHASE_STRIP = NO;
			};
			name = Debug;
		};
		E4A42D28334F40568BEB3300 /* MinSizeRel */ = {
			isa = PBXBuildStyle;
			buildSettings = {
				COPY_PHASE_STRIP = NO;
			};
			name = MinSizeRel;
		};
/* End PBXBuildStyle section */

/* Begin PBXContainerItemProxy section */
		06D8673B81A64F6398A23285 /* PBXContainerItemProxy */ = {
			isa = PBXContainerItemProxy;
			containerPortal = D94F7B46DCB942EFBC739049 /* Project object */;
			proxyType = 1;
			remoteGlobalIDString = C0E8E411D3094DF5B385ED41;
			remoteInfo = glew;
		};
		35E96F8C423B4DA789E393A4 /* PBXContainerItemProxy */ = {
			isa = PBXContainerItemProxy;
			containerPortal = D94F7B46DCB942EFBC739049 /* Project object */;
			proxyType = 1;
			remoteGlobalIDString = 8F68741F48BE4298A01FBC9C;
			remoteInfo = CGL;
		};
		3F70D41D57D443D48FE091BB /* PBXContainerItemProxy */ = {
			isa = PBXContainerItemProxy;
			containerPortal = D94F7B46DCB942EFBC739049 /* Project object */;
			proxyType = 1;
			remoteGlobalIDString = A4E48F828FB2441FB2BA5A00;
			remoteInfo = ALL_BUILD;
		};
		5215B208E0664050815F9A61 /* PBXContainerItemProxy */ = {
			isa = PBXContainerItemProxy;
			containerPortal = D94F7B46DCB942EFBC739049 /* Project object */;
			proxyType = 1;
			remoteGlobalIDString = 8E65F200289C4CE487673DC5;
			remoteInfo = glfw;
		};
		702A3551CEEF4EA9BD90DB9C /* PBXContainerItemProxy */ = {
			isa = PBXContainerItemProxy;
			containerPortal = D94F7B46DCB942EFBC739049 /* Project object */;
			proxyType = 1;
			remoteGlobalIDString = C6B6329396E14EF0A6A1D82F;
			remoteInfo = ZERO_CHECK;
		};
		7B721FA879C542FC8419DEF8 /* PBXContainerItemProxy */ = {
			isa = PBXContainerItemProxy;
			containerPortal = D94F7B46DCB942EFBC739049 /* Project object */;
			proxyType = 1;
			remoteGlobalIDString = C6B6329396E14EF0A6A1D82F;
			remoteInfo = ZERO_CHECK;
		};
		8BFA0AD9C6F9411EB4C219B4 /* PBXContainerItemProxy */ = {
			isa = PBXContainerItemProxy;
			containerPortal = D94F7B46DCB942EFBC739049 /* Project object */;
			proxyType = 1;
			remoteGlobalIDString = C0E8E411D3094DF5B385ED41;
			remoteInfo = glew;
		};
		E45AFED6EE1F4C7C9893BB14 /* PBXContainerItemProxy */ = {
			isa = PBXContainerItemProxy;
			containerPortal = D94F7B46DCB942EFBC739049 /* Project object */;
			proxyType = 1;
			remoteGlobalIDString = 8E65F200289C4CE487673DC5;
			remoteInfo = glfw;
		};
/* End PBXContainerItemProxy section */

/* Begin PBXFileReference section */
		0143316053294AF59E8101A8 /* /Users/alexhao/desktop/CS184/cs184-final-project/CGL/deps/glfw/include/GLFW/glfw3native.h */ = {isa = PBXFileReference; explicitFileType = sourcecode.c.h; fileEncoding = 4; name = glfw3native.h; path = deps/glfw/include/GLFW/glfw3native.h; sourceTree = SOURCE_ROOT; };
		065058D4C0D547818A3396E4 /* /Users/alexhao/desktop/CS184/cs184-final-project/CGL/src/complex.cpp */ = {isa = PBXFileReference; explicitFileType = sourcecode.cpp.cpp; fileEncoding = 4; name = complex.cpp; path = src/complex.cpp; sourceTree = SOURCE_ROOT; };
		093B433EA8D3426798D3F97F /* /Users/alexhao/desktop/CS184/cs184-final-project/CGL/deps/glew/src/glewinfo.c */ = {isa = PBXFileReference; explicitFileType = sourcecode.c.c; fileEncoding = 4; name = glewinfo.c; path = deps/glew/src/glewinfo.c; sourceTree = SOURCE_ROOT; };
		09ABF6A37C5540C19C0D4DEC /* /Users/alexhao/desktop/CS184/cs184-final-project/CGL/deps/glew/CMakeLists.txt */ = {isa = PBXFileReference; explicitFileType = sourcecode.text; fileEncoding = 4; name = CMakeLists.txt; path = deps/glew/CMakeLists.txt; sourceTree = SOURCE_ROOT; };
		12FF79AB6D4C4842823AD787 /* /Users/alexhao/desktop/CS184/cs184-final-project/CGL/deps/glfw/src/egl_context.c */ = {isa = PBXFileReference; explicitFileType = sourcecode.c.c; fileEncoding = 4; name = egl_context.c; path = deps/glfw/src/egl_context.c; sourceTree = SOURCE_ROOT; };
		1354F765B89F4DB59639B552 /* /Users/alexhao/desktop/CS184/cs184-final-project/CGL/deps/glfw/src/monitor.c */ = {isa = PBXFileReference; explicitFileType = sourcecode.c.c; fileEncoding = 4; name = monitor.c; path = deps/glfw/src/monitor.c; sourceTree = SOURCE_ROOT; };
		165A318394994E1A81AF1A59 /* /Users/alexhao/desktop/CS184/cs184-final-project/CGL/deps/glfw/src/posix_thread.c */ = {isa = PBXFileReference; explicitFileType = sourcecode.c.c; fileEncoding = 4; name = posix_thread.c; path = deps/glfw/src/posix_thread.c; sourceTree = SOURCE_ROOT; };
		20DB0CB093B44DD4BE3A8C61 /* /Users/alexhao/desktop/CS184/cs184-final-project/CGL/deps/glfw/src/egl_context.h */ = {isa = PBXFileReference; explicitFileType = sourcecode.c.h; fileEncoding = 4; name = egl_context.h; path = deps/glfw/src/egl_context.h; sourceTree = SOURCE_ROOT; };
		324A04F4A85E4C5DB1A379F5 /* /Users/alexhao/desktop/CS184/cs184-final-project/CGL/deps/glfw/src/vulkan.c */ = {isa = PBXFileReference; explicitFileType = sourcecode.c.c; fileEncoding = 4; name = vulkan.c; path = deps/glfw/src/vulkan.c; sourceTree = SOURCE_ROOT; };
		338645CAAF814333B8ACC5FF /* /Users/alexhao/desktop/CS184/cs184-final-project/CGL/deps/glfw/src/cocoa_time.c */ = {isa = PBXFileReference; explicitFileType = sourcecode.c.c; fileEncoding = 4; name = cocoa_time.c; path = deps/glfw/src/cocoa_time.c; sourceTree = SOURCE_ROOT; };
		365979B560CA48C3A543222D /* /Users/alexhao/desktop/CS184/cs184-final-project/CGL/deps/glfw/src/cocoa_joystick.h */ = {isa = PBXFileReference; explicitFileType = sourcecode.c.h; fileEncoding = 4; name = cocoa_joystick.h; path = deps/glfw/src/cocoa_joystick.h; sourceTree = SOURCE_ROOT; };
		36CEB01371CF4502B75AB9FA /* /Users/alexhao/desktop/CS184/cs184-final-project/CGL/src/color.cpp */ = {isa = PBXFileReference; explicitFileType = sourcecode.cpp.cpp; fileEncoding = 4; name = color.cpp; path = src/color.cpp; sourceTree = SOURCE_ROOT; };
		4227AF008F1F4A7DAD1F60A7 /* /Users/alexhao/desktop/CS184/cs184-final-project/CGL/deps/glfw/src/cocoa_window.m */ = {isa = PBXFileReference; explicitFileType = sourcecode.c.objc; fileEncoding = 4; name = cocoa_window.m; path = deps/glfw/src/cocoa_window.m; sourceTree = SOURCE_ROOT; };
		4A4E4B8ADEFD420198CC2A74 /* /Users/alexhao/desktop/CS184/cs184-final-project/CGL/src/vector4D.cpp */ = {isa = PBXFileReference; explicitFileType = sourcecode.cpp.cpp; fileEncoding = 4; name = vector4D.cpp; path = src/vector4D.cpp; sourceTree = SOURCE_ROOT; };
		4B4B189D9E4541FDACF05C44 /* glew */ = {isa = PBXFileReference; explicitFileType = archive.ar; path = libglew.a; sourceTree = BUILT_PRODUCTS_DIR; };
		4DD14679D1D5413DB7D2410F /* /Users/alexhao/desktop/CS184/cs184-final-project/CGL/CMakeLists.txt */ = {isa = PBXFileReference; explicitFileType = sourcecode.text; fileEncoding = 4; name = CMakeLists.txt; path = CMakeLists.txt; sourceTree = SOURCE_ROOT; };
		501BCE7E63EA41118395A562 /* /Users/alexhao/desktop/CS184/cs184-final-project/CGL/deps/glfw/src/cocoa_init.m */ = {isa = PBXFileReference; explicitFileType = sourcecode.c.objc; fileEncoding = 4; name = cocoa_init.m; path = deps/glfw/src/cocoa_init.m; sourceTree = SOURCE_ROOT; };
		55C857AC8039425D9705A235 /* /Users/alexhao/desktop/CS184/cs184-final-project/CGL/deps/glfw/src/CMakeLists.txt */ = {isa = PBXFileReference; explicitFileType = sourcecode.text; fileEncoding = 4; name = CMakeLists.txt; path = deps/glfw/src/CMakeLists.txt; sourceTree = SOURCE_ROOT; };
		5BDB0F7A1FE8495B85F2AE76 /* /Users/alexhao/desktop/CS184/cs184-final-project/CGL/src/lodepng.cpp */ = {isa = PBXFileReference; explicitFileType = sourcecode.cpp.cpp; fileEncoding = 4; name = lodepng.cpp; path = src/lodepng.cpp; sourceTree = SOURCE_ROOT; };
		60FBDA24EE9D46FEA39CE650 /* CGL */ = {isa = PBXFileReference; explicitFileType = archive.ar; path = libCGL.a; sourceTree = BUILT_PRODUCTS_DIR; };
		65FD0844FEFF451C99C4EDC4 /* /Users/alexhao/desktop/CS184/cs184-final-project/CGL/deps/glfw/src/nsgl_context.m */ = {isa = PBXFileReference; explicitFileType = sourcecode.c.objc; fileEncoding = 4; name = nsgl_context.m; path = deps/glfw/src/nsgl_context.m; sourceTree = SOURCE_ROOT; };
		67966A2217A641CFA7E148B0 /* /Users/alexhao/desktop/CS184/cs184-final-project/CGL/src/vector2D.cpp */ = {isa = PBXFileReference; explicitFileType = sourcecode.cpp.cpp; fileEncoding = 4; name = vector2D.cpp; path = src/vector2D.cpp; sourceTree = SOURCE_ROOT; };
		6F60BD2D202D4C29B58C4807 /* /Users/alexhao/desktop/CS184/cs184-final-project/CGL/deps/glfw/src/input.c */ = {isa = PBXFileReference; explicitFileType = sourcecode.c.c; fileEncoding = 4; name = input.c; path = deps/glfw/src/input.c; sourceTree = SOURCE_ROOT; };
		7FEB199C332A40B9B81E7027 /* /Users/alexhao/desktop/CS184/cs184-final-project/CGL/deps/glew/src/visualinfo.c */ = {isa = PBXFileReference; explicitFileType = sourcecode.c.c; fileEncoding = 4; name = visualinfo.c; path = deps/glew/src/visualinfo.c; sourceTree = SOURCE_ROOT; };
		804C65D84A9A414CBD07B760 /* /Users/alexhao/desktop/CS184/cs184-final-project/CGL/deps/glfw/src/cocoa_platform.h */ = {isa = PBXFileReference; explicitFileType = sourcecode.c.h; fileEncoding = 4; name = cocoa_platform.h; path = deps/glfw/src/cocoa_platform.h; sourceTree = SOURCE_ROOT; };
		83A117F26A884A85A0C7C741 /* /Users/alexhao/desktop/CS184/cs184-final-project/CGL/src/osdtext.cpp */ = {isa = PBXFileReference; explicitFileType = sourcecode.cpp.cpp; fileEncoding = 4; name = osdtext.cpp; path = src/osdtext.cpp; sourceTree = SOURCE_ROOT; };
		87E090984E9C4A39B7266D3F /* /Users/alexhao/desktop/CS184/cs184-final-project/CGL/deps/glfw/src/cocoa_joystick.m */ = {isa = PBXFileReference; explicitFileType = sourcecode.c.objc; fileEncoding = 4; name = cocoa_joystick.m; path = deps/glfw/src/cocoa_joystick.m; sourceTree = SOURCE_ROOT; };
		9793E0710ADA4C778E380DB8 /* /Users/alexhao/desktop/CS184/cs184-final-project/CGL/deps/glfw/src/internal.h */ = {isa = PBXFileReference; explicitFileType = sourcecode.c.h; fileEncoding = 4; name = internal.h; path = deps/glfw/src/internal.h; sourceTree = SOURCE_ROOT; };
		97F1DFEAF3F34CA1BB21D603 /* /Users/alexhao/desktop/CS184/cs184-final-project/CGL/deps/glfw/src/osmesa_context.c */ = {isa = PBXFileReference; explicitFileType = sourcecode.c.c; fileEncoding = 4; name = osmesa_context.c; path = deps/glfw/src/osmesa_context.c; sourceTree = SOURCE_ROOT; };
		9A3DC469A6B0417C912D9483 /* /Users/alexhao/desktop/CS184/cs184-final-project/CGL/src/viewer.cpp */ = {isa = PBXFileReference; explicitFileType = sourcecode.cpp.cpp; fileEncoding = 4; name = viewer.cpp; path = src/viewer.cpp; sourceTree = SOURCE_ROOT; };
		A14387A4857649DC8B74B101 /* /Users/alexhao/desktop/CS184/cs184-final-project/xcode/CGL/deps/glfw/src/glfw_config.h */ = {isa = PBXFileReference; explicitFileType = sourcecode.c.h; fileEncoding = 4; name = glfw_config.h; path = ../xcode/CGL/deps/glfw/src/glfw_config.h; sourceTree = SOURCE_ROOT; };
		A5619303922A4F4BB969CA02 /* /Users/alexhao/desktop/CS184/cs184-final-project/CGL/src/vector3D.cpp */ = {isa = PBXFileReference; explicitFileType = sourcecode.cpp.cpp; fileEncoding = 4; name = vector3D.cpp; path = src/vector3D.cpp; sourceTree = SOURCE_ROOT; };
		B02673E433FD4C5B97BC77BC /* /Users/alexhao/desktop/CS184/cs184-final-project/CGL/src/quaternion.cpp */ = {isa = PBXFileReference; explicitFileType = sourcecode.cpp.cpp; fileEncoding = 4; name = quaternion.cpp; path = src/quaternion.cpp; sourceTree = SOURCE_ROOT; };
		B1303AE1EE3E441D9D115308 /* /Users/alexhao/desktop/CS184/cs184-final-project/CGL/deps/glfw/src/cocoa_monitor.m */ = {isa = PBXFileReference; explicitFileType = sourcecode.c.objc; fileEncoding = 4; name = cocoa_monitor.m; path = deps/glfw/src/cocoa_monitor.m; sourceTree = SOURCE_ROOT; };
		B1782BC4FF7B470487FF4FF5 /* /Users/alexhao/desktop/CS184/cs184-final-project/CGL/deps/glfw/src/posix_thread.h */ = {isa = PBXFileReference; explicitFileType = sourcecode.c.h; fileEncoding = 4; name = posix_thread.h; path = deps/glfw/src/posix_thread.h; sourceTree = SOURCE_ROOT; };
		B6F8770E80C8476BB6E0066F /* /Users/alexhao/desktop/CS184/cs184-final-project/CGL/CMakeLists.txt */ = {isa = PBXFileReference; explicitFileType = sourcecode.text; fileEncoding = 4; name = CMakeLists.txt; path = CMakeLists.txt; sourceTree = SOURCE_ROOT; };
		BFF4F1115C674F1DB1F6068C /* /Users/alexhao/desktop/CS184/cs184-final-project/CGL/deps/glfw/src/osmesa_context.h */ = {isa = PBXFileReference; explicitFileType = sourcecode.c.h; fileEncoding = 4; name = osmesa_context.h; path = deps/glfw/src/osmesa_context.h; sourceTree = SOURCE_ROOT; };
		C11D71F895A14CBFB457D9EF /* /Users/alexhao/desktop/CS184/cs184-final-project/CGL/deps/glfw/src/mappings.h */ = {isa = PBXFileReference; explicitFileType = sourcecode.c.h; fileEncoding = 4; name = mappings.h; path = deps/glfw/src/mappings.h; sourceTree = SOURCE_ROOT; };
		C455CBA0380D425E9D2C5752 /* /Users/alexhao/desktop/CS184/cs184-final-project/CGL/deps/glfw/CMakeLists.txt */ = {isa = PBXFileReference; explicitFileType = sourcecode.text; fileEncoding = 4; name = CMakeLists.txt; path = deps/glfw/CMakeLists.txt; sourceTree = SOURCE_ROOT; };
		C6FFFCF65003422D9243313D /* glfw */ = {isa = PBXFileReference; explicitFileType = archive.ar; path = libglfw3.a; sourceTree = BUILT_PRODUCTS_DIR; };
		C9EC859E519849DB841D4197 /* /Users/alexhao/desktop/CS184/cs184-final-project/CGL/deps/glfw/src/nsgl_context.h */ = {isa = PBXFileReference; explicitFileType = sourcecode.c.h; fileEncoding = 4; name = nsgl_context.h; path = deps/glfw/src/nsgl_context.h; sourceTree = SOURCE_ROOT; };
		CE8FABE35A2349CC8EFE4BC0 /* /Users/alexhao/desktop/CS184/cs184-final-project/CGL/src/path.cpp */ = {isa = PBXFileReference; explicitFileType = sourcecode.cpp.cpp; fileEncoding = 4; name = path.cpp; path = src/path.cpp; sourceTree = SOURCE_ROOT; };
		D940970DEEF04FC3962C1DC0 /* /Users/alexhao/desktop/CS184/cs184-final-project/CGL/src/base64.cpp */ = {isa = PBXFileReference; explicitFileType = sourcecode.cpp.cpp; fileEncoding = 4; name = base64.cpp; path = src/base64.cpp; sourceTree = SOURCE_ROOT; };
		DD3A44C372B7412FA3054ACC /* /Users/alexhao/desktop/CS184/cs184-final-project/CGL/src/matrix3x3.cpp */ = {isa = PBXFileReference; explicitFileType = sourcecode.cpp.cpp; fileEncoding = 4; name = matrix3x3.cpp; path = src/matrix3x3.cpp; sourceTree = SOURCE_ROOT; };
		DE6FD455F96A47A3B33076AC /* /Users/alexhao/desktop/CS184/cs184-final-project/CGL/deps/glfw/src/window.c */ = {isa = PBXFileReference; explicitFileType = sourcecode.c.c; fileEncoding = 4; name = window.c; path = deps/glfw/src/window.c; sourceTree = SOURCE_ROOT; };
		E1335AC0C8BB41E4A2A5DD4A /* /Users/alexhao/desktop/CS184/cs184-final-project/CGL/deps/glfw/include/GLFW/glfw3.h */ = {isa = PBXFileReference; explicitFileType = sourcecode.c.h; fileEncoding = 4; name = glfw3.h; path = deps/glfw/include/GLFW/glfw3.h; sourceTree = SOURCE_ROOT; };
		E48AFE00447C482C938D45DC /* /Users/alexhao/desktop/CS184/cs184-final-project/CGL/deps/glfw/src/init.c */ = {isa = PBXFileReference; explicitFileType = sourcecode.c.c; fileEncoding = 4; name = init.c; path = deps/glfw/src/init.c; sourceTree = SOURCE_ROOT; };
		E4B2B7F92751405F8FA8385D /* /Users/alexhao/desktop/CS184/cs184-final-project/CGL/deps/glfw/src/context.c */ = {isa = PBXFileReference; explicitFileType = sourcecode.c.c; fileEncoding = 4; name = context.c; path = deps/glfw/src/context.c; sourceTree = SOURCE_ROOT; };
		EC2711C6A6DE480DADCA45EA /* /Users/alexhao/desktop/CS184/cs184-final-project/CGL/src/tinyxml2.cpp */ = {isa = PBXFileReference; explicitFileType = sourcecode.cpp.cpp; fileEncoding = 4; name = tinyxml2.cpp; path = src/tinyxml2.cpp; sourceTree = SOURCE_ROOT; };
		F0C2E7D08E4A4D15A8FCB065 /* /Users/alexhao/desktop/CS184/cs184-final-project/CGL/src/matrix4x4.cpp */ = {isa = PBXFileReference; explicitFileType = sourcecode.cpp.cpp; fileEncoding = 4; name = matrix4x4.cpp; path = src/matrix4x4.cpp; sourceTree = SOURCE_ROOT; };
		FF00DC9358C3489B98BA7F76 /* /Users/alexhao/desktop/CS184/cs184-final-project/CGL/deps/glew/src/glew.c */ = {isa = PBXFileReference; explicitFileType = sourcecode.c.c; fileEncoding = 4; name = glew.c; path = deps/glew/src/glew.c; sourceTree = SOURCE_ROOT; };
		FFB51FC6388443A59A04EE97 /* /Users/alexhao/desktop/CS184/cs184-final-project/CGL/src/osdfont.cpp */ = {isa = PBXFileReference; explicitFileType = sourcecode.cpp.cpp; fileEncoding = 4; name = osdfont.cpp; path = src/osdfont.cpp; sourceTree = SOURCE_ROOT; };
/* End PBXFileReference section */

/* Begin PBXFrameworksBuildPhase section */
		2A64F8FBC60242D3AF929316 /* Frameworks */ = {
			isa = PBXFrameworksBuildPhase;
			buildActionMask = 2147483647;
			files = (
			);
			runOnlyForDeploymentPostprocessing = 0;
		};
		70B1C067D61E4D14977E0DEE /* Frameworks */ = {
			isa = PBXFrameworksBuildPhase;
			buildActionMask = 2147483647;
			files = (
			);
			runOnlyForDeploymentPostprocessing = 0;
		};
		C032FB6C2A72401F85A3DF69 /* Frameworks */ = {
			isa = PBXFrameworksBuildPhase;
			buildActionMask = 2147483647;
			files = (
			);
			runOnlyForDeploymentPostprocessing = 0;
		};
/* End PBXFrameworksBuildPhase section */

/* Begin PBXGroup section */
		1CFFE3E26DDF4EA0BAEFD715 /* Source Files */ = {
			isa = PBXGroup;
			children = (
				FF00DC9358C3489B98BA7F76 /* /Users/alexhao/desktop/CS184/cs184-final-project/CGL/deps/glew/src/glew.c */,
				093B433EA8D3426798D3F97F /* /Users/alexhao/desktop/CS184/cs184-final-project/CGL/deps/glew/src/glewinfo.c */,
				7FEB199C332A40B9B81E7027 /* /Users/alexhao/desktop/CS184/cs184-final-project/CGL/deps/glew/src/visualinfo.c */,
			);
			name = "Source Files";
			sourceTree = "<group>";
		};
		2B4CE8A5EBD3494FAAF3BBAC /* Products */ = {
			isa = PBXGroup;
			children = (
				60FBDA24EE9D46FEA39CE650 /* CGL */,
				4B4B189D9E4541FDACF05C44 /* glew */,
				C6FFFCF65003422D9243313D /* glfw */,
			);
			name = Products;
			sourceTree = "<group>";
		};
		3D6E436E02FA47B58DB759F9 /* CMake Rules */ = {
			isa = PBXGroup;
			children = (
			);
			name = "CMake Rules";
			sourceTree = "<group>";
		};
		41561189045D4FB49DB07BC6 = {
			isa = PBXGroup;
			children = (
				8454CAF4A53A45B38426C068 /* CGL */,
				9330F18896A149D0AB277627 /* ALL_BUILD */,
				B13F81C7D5C54919A2F6AB73 /* glew */,
				71BF30E645BD4B1B9C1B9B6B /* GLFW3 */,
				2B4CE8A5EBD3494FAAF3BBAC /* Products */,
				F5E68CA418A34E4C991DBB40 /* Frameworks */,
			);
			sourceTree = "<group>";
		};
		43C01D4545ED43D0BE3165FC /* Source Files */ = {
			isa = PBXGroup;
			children = (
				D940970DEEF04FC3962C1DC0 /* /Users/alexhao/desktop/CS184/cs184-final-project/CGL/src/base64.cpp */,
				36CEB01371CF4502B75AB9FA /* /Users/alexhao/desktop/CS184/cs184-final-project/CGL/src/color.cpp */,
				065058D4C0D547818A3396E4 /* /Users/alexhao/desktop/CS184/cs184-final-project/CGL/src/complex.cpp */,
				5BDB0F7A1FE8495B85F2AE76 /* /Users/alexhao/desktop/CS184/cs184-final-project/CGL/src/lodepng.cpp */,
				DD3A44C372B7412FA3054ACC /* /Users/alexhao/desktop/CS184/cs184-final-project/CGL/src/matrix3x3.cpp */,
				F0C2E7D08E4A4D15A8FCB065 /* /Users/alexhao/desktop/CS184/cs184-final-project/CGL/src/matrix4x4.cpp */,
				FFB51FC6388443A59A04EE97 /* /Users/alexhao/desktop/CS184/cs184-final-project/CGL/src/osdfont.cpp */,
				83A117F26A884A85A0C7C741 /* /Users/alexhao/desktop/CS184/cs184-final-project/CGL/src/osdtext.cpp */,
				CE8FABE35A2349CC8EFE4BC0 /* /Users/alexhao/desktop/CS184/cs184-final-project/CGL/src/path.cpp */,
				B02673E433FD4C5B97BC77BC /* /Users/alexhao/desktop/CS184/cs184-final-project/CGL/src/quaternion.cpp */,
				EC2711C6A6DE480DADCA45EA /* /Users/alexhao/desktop/CS184/cs184-final-project/CGL/src/tinyxml2.cpp */,
				67966A2217A641CFA7E148B0 /* /Users/alexhao/desktop/CS184/cs184-final-project/CGL/src/vector2D.cpp */,
				A5619303922A4F4BB969CA02 /* /Users/alexhao/desktop/CS184/cs184-final-project/CGL/src/vector3D.cpp */,
				4A4E4B8ADEFD420198CC2A74 /* /Users/alexhao/desktop/CS184/cs184-final-project/CGL/src/vector4D.cpp */,
				9A3DC469A6B0417C912D9483 /* /Users/alexhao/desktop/CS184/cs184-final-project/CGL/src/viewer.cpp */,
			);
			name = "Source Files";
			sourceTree = "<group>";
		};
		4D6E5EF4700F43A0B0D5B47F /* glfw */ = {
			isa = PBXGroup;
			children = (
				7B1F1EC7284C4EE5B7F803B9 /* Header Files */,
				FB1B452A3B4445749722D676 /* Source Files */,
				55C857AC8039425D9705A235 /* /Users/alexhao/desktop/CS184/cs184-final-project/CGL/deps/glfw/src/CMakeLists.txt */,
			);
			name = glfw;
			sourceTree = "<group>";
		};
		71BF30E645BD4B1B9C1B9B6B /* GLFW3 */ = {
			isa = PBXGroup;
			children = (
				BE236A55130546188FB49E24 /* uninstall */,
				4D6E5EF4700F43A0B0D5B47F /* glfw */,
			);
			name = GLFW3;
			sourceTree = "<group>";
		};
		7B1F1EC7284C4EE5B7F803B9 /* Header Files */ = {
			isa = PBXGroup;
			children = (
				E1335AC0C8BB41E4A2A5DD4A /* /Users/alexhao/desktop/CS184/cs184-final-project/CGL/deps/glfw/include/GLFW/glfw3.h */,
				0143316053294AF59E8101A8 /* /Users/alexhao/desktop/CS184/cs184-final-project/CGL/deps/glfw/include/GLFW/glfw3native.h */,
				365979B560CA48C3A543222D /* /Users/alexhao/desktop/CS184/cs184-final-project/CGL/deps/glfw/src/cocoa_joystick.h */,
				804C65D84A9A414CBD07B760 /* /Users/alexhao/desktop/CS184/cs184-final-project/CGL/deps/glfw/src/cocoa_platform.h */,
				20DB0CB093B44DD4BE3A8C61 /* /Users/alexhao/desktop/CS184/cs184-final-project/CGL/deps/glfw/src/egl_context.h */,
				9793E0710ADA4C778E380DB8 /* /Users/alexhao/desktop/CS184/cs184-final-project/CGL/deps/glfw/src/internal.h */,
				C11D71F895A14CBFB457D9EF /* /Users/alexhao/desktop/CS184/cs184-final-project/CGL/deps/glfw/src/mappings.h */,
				C9EC859E519849DB841D4197 /* /Users/alexhao/desktop/CS184/cs184-final-project/CGL/deps/glfw/src/nsgl_context.h */,
				BFF4F1115C674F1DB1F6068C /* /Users/alexhao/desktop/CS184/cs184-final-project/CGL/deps/glfw/src/osmesa_context.h */,
				B1782BC4FF7B470487FF4FF5 /* /Users/alexhao/desktop/CS184/cs184-final-project/CGL/deps/glfw/src/posix_thread.h */,
				A14387A4857649DC8B74B101 /* /Users/alexhao/desktop/CS184/cs184-final-project/xcode/CGL/deps/glfw/src/glfw_config.h */,
			);
			name = "Header Files";
			sourceTree = "<group>";
		};
		8454CAF4A53A45B38426C068 /* CGL */ = {
			isa = PBXGroup;
			children = (
				43C01D4545ED43D0BE3165FC /* Source Files */,
				4DD14679D1D5413DB7D2410F /* /Users/alexhao/desktop/CS184/cs184-final-project/CGL/CMakeLists.txt */,
			);
			name = CGL;
			sourceTree = "<group>";
		};
		8CA69EF099EA476B88005B66 /* CMake Rules */ = {
			isa = PBXGroup;
			children = (
			);
			name = "CMake Rules";
			sourceTree = "<group>";
		};
		9330F18896A149D0AB277627 /* ALL_BUILD */ = {
			isa = PBXGroup;
			children = (
				8CA69EF099EA476B88005B66 /* CMake Rules */,
				B6F8770E80C8476BB6E0066F /* /Users/alexhao/desktop/CS184/cs184-final-project/CGL/CMakeLists.txt */,
			);
			name = ALL_BUILD;
			sourceTree = "<group>";
		};
		B13F81C7D5C54919A2F6AB73 /* glew */ = {
			isa = PBXGroup;
			children = (
				1CFFE3E26DDF4EA0BAEFD715 /* Source Files */,
				09ABF6A37C5540C19C0D4DEC /* /Users/alexhao/desktop/CS184/cs184-final-project/CGL/deps/glew/CMakeLists.txt */,
			);
			name = glew;
			sourceTree = "<group>";
		};
		BE236A55130546188FB49E24 /* uninstall */ = {
			isa = PBXGroup;
			children = (
				3D6E436E02FA47B58DB759F9 /* CMake Rules */,
				C455CBA0380D425E9D2C5752 /* /Users/alexhao/desktop/CS184/cs184-final-project/CGL/deps/glfw/CMakeLists.txt */,
			);
			name = uninstall;
			sourceTree = "<group>";
		};
		F5E68CA418A34E4C991DBB40 /* Frameworks */ = {
			isa = PBXGroup;
			children = (
			);
			name = Frameworks;
			sourceTree = "<group>";
		};
		FB1B452A3B4445749722D676 /* Source Files */ = {
			isa = PBXGroup;
			children = (
				501BCE7E63EA41118395A562 /* /Users/alexhao/desktop/CS184/cs184-final-project/CGL/deps/glfw/src/cocoa_init.m */,
				87E090984E9C4A39B7266D3F /* /Users/alexhao/desktop/CS184/cs184-final-project/CGL/deps/glfw/src/cocoa_joystick.m */,
				B1303AE1EE3E441D9D115308 /* /Users/alexhao/desktop/CS184/cs184-final-project/CGL/deps/glfw/src/cocoa_monitor.m */,
				338645CAAF814333B8ACC5FF /* /Users/alexhao/desktop/CS184/cs184-final-project/CGL/deps/glfw/src/cocoa_time.c */,
				4227AF008F1F4A7DAD1F60A7 /* /Users/alexhao/desktop/CS184/cs184-final-project/CGL/deps/glfw/src/cocoa_window.m */,
				E4B2B7F92751405F8FA8385D /* /Users/alexhao/desktop/CS184/cs184-final-project/CGL/deps/glfw/src/context.c */,
				12FF79AB6D4C4842823AD787 /* /Users/alexhao/desktop/CS184/cs184-final-project/CGL/deps/glfw/src/egl_context.c */,
				E48AFE00447C482C938D45DC /* /Users/alexhao/desktop/CS184/cs184-final-project/CGL/deps/glfw/src/init.c */,
				6F60BD2D202D4C29B58C4807 /* /Users/alexhao/desktop/CS184/cs184-final-project/CGL/deps/glfw/src/input.c */,
				1354F765B89F4DB59639B552 /* /Users/alexhao/desktop/CS184/cs184-final-project/CGL/deps/glfw/src/monitor.c */,
				65FD0844FEFF451C99C4EDC4 /* /Users/alexhao/desktop/CS184/cs184-final-project/CGL/deps/glfw/src/nsgl_context.m */,
				97F1DFEAF3F34CA1BB21D603 /* /Users/alexhao/desktop/CS184/cs184-final-project/CGL/deps/glfw/src/osmesa_context.c */,
				165A318394994E1A81AF1A59 /* /Users/alexhao/desktop/CS184/cs184-final-project/CGL/deps/glfw/src/posix_thread.c */,
				324A04F4A85E4C5DB1A379F5 /* /Users/alexhao/desktop/CS184/cs184-final-project/CGL/deps/glfw/src/vulkan.c */,
				DE6FD455F96A47A3B33076AC /* /Users/alexhao/desktop/CS184/cs184-final-project/CGL/deps/glfw/src/window.c */,
			);
			name = "Source Files";
			sourceTree = "<group>";
		};
/* End PBXGroup section */

/* Begin PBXNativeTarget section */
		8E65F200289C4CE487673DC5 /* glfw */ = {
			isa = PBXNativeTarget;
			buildConfigurationList = E5208E554EBB4AAC91F04B1F /* Build configuration list for PBXNativeTarget "glfw" */;
			buildPhases = (
				87DA5610CFB14801AACECEF1 /* Sources */,
				C032FB6C2A72401F85A3DF69 /* Frameworks */,
			);
			buildRules = (
			);
			dependencies = (
			);
			name = glfw;
			productName = glfw;
			productReference = C6FFFCF65003422D9243313D /* glfw */;
			productType = "com.apple.product-type.library.static";
		};
		8F68741F48BE4298A01FBC9C /* CGL */ = {
			isa = PBXNativeTarget;
			buildConfigurationList = 64CC681FBAB54BE38DBF9453 /* Build configuration list for PBXNativeTarget "CGL" */;
			buildPhases = (
				4D9ECF470EAF4891AB800E27 /* Sources */,
				2A64F8FBC60242D3AF929316 /* Frameworks */,
			);
			buildRules = (
			);
			dependencies = (
				54C2E5B03B8C4DD2B1189E34 /* PBXTargetDependency */,
				BE3EE9117D9A4A4384D54F51 /* PBXTargetDependency */,
				D2D45357D3A54E828B014C59 /* PBXTargetDependency */,
			);
			name = CGL;
			productName = CGL;
			productReference = 60FBDA24EE9D46FEA39CE650 /* CGL */;
			productType = "com.apple.product-type.library.static";
		};
		C0E8E411D3094DF5B385ED41 /* glew */ = {
			isa = PBXNativeTarget;
			buildConfigurationList = F245AFA0EB374FDA82222AB6 /* Build configuration list for PBXNativeTarget "glew" */;
			buildPhases = (
				20B8AC544367479DB8E50CFD /* Sources */,
				70B1C067D61E4D14977E0DEE /* Frameworks */,
			);
			buildRules = (
			);
			dependencies = (
			);
			name = glew;
			productName = glew;
			productReference = 4B4B189D9E4541FDACF05C44 /* glew */;
			productType = "com.apple.product-type.library.static";
		};
/* End PBXNativeTarget section */

/* Begin PBXProject section */
		D94F7B46DCB942EFBC739049 /* Project object */ = {
			isa = PBXProject;
			attributes = {
				BuildIndependentTargetsInParallel = YES;
				LastUpgradeCheck = 1330;
			};
			buildConfigurationList = E5C71D0F188A40C8A85ABA89 /* Build configuration list for PBXProject "CGL" */;
			buildSettings = {
			};
			buildStyles = (
				C296F08A8A04408AB35995C2 /* Debug */,
				670155AEDBE04AAFABA5CBF5 /* Release */,
				E4A42D28334F40568BEB3300 /* MinSizeRel */,
				81A0274B23E3415ABAB91F74 /* RelWithDebInfo */,
			);
			compatibilityVersion = "Xcode 3.2";
			hasScannedForEncodings = 0;
			mainGroup = 41561189045D4FB49DB07BC6;
			projectDirPath = ../../CGL;
			projectRoot = "";
			targets = (
				A4E48F828FB2441FB2BA5A00 /* ALL_BUILD */,
				8F68741F48BE4298A01FBC9C /* CGL */,
				C6B6329396E14EF0A6A1D82F /* ZERO_CHECK */,
				C0E8E411D3094DF5B385ED41 /* glew */,
				8E65F200289C4CE487673DC5 /* glfw */,
				D2B7C987A45A48EBA93337A0 /* install */,
				516A1EFE2C8C409D949F4E84 /* uninstall */,
			);
		};
/* End PBXProject section */

/* Begin PBXShellScriptBuildPhase section */
		0F1D783667E81D2F78381BE2 /* Generate CMakeFiles/ZERO_CHECK */ = {
			isa = PBXShellScriptBuildPhase;
			alwaysOutOfDate = 1;
			buildActionMask = 2147483647;
			files = (
			);
			inputPaths = (
			);
			name = "Generate CMakeFiles/ZERO_CHECK";
			outputPaths = (
"/Users/alexhao/desktop/CS184/cs184-final-project/xcode/CGL/CMakeFiles/ZERO_CHECK"			);
			runOnlyForDeploymentPostprocessing = 0;
			shellPath = /bin/sh;
			shellScript = "set -e
if test \"$CONFIGURATION\" = \"Debug\"; then :
  cd /Users/alexhao/desktop/CS184/cs184-final-project/xcode/CGL
  make -f /Users/alexhao/desktop/CS184/cs184-final-project/xcode/CGL/CMakeScripts/ReRunCMake.make
fi
if test \"$CONFIGURATION\" = \"Release\"; then :
  cd /Users/alexhao/desktop/CS184/cs184-final-project/xcode/CGL
  make -f /Users/alexhao/desktop/CS184/cs184-final-project/xcode/CGL/CMakeScripts/ReRunCMake.make
fi
if test \"$CONFIGURATION\" = \"MinSizeRel\"; then :
  cd /Users/alexhao/desktop/CS184/cs184-final-project/xcode/CGL
  make -f /Users/alexhao/desktop/CS184/cs184-final-project/xcode/CGL/CMakeScripts/ReRunCMake.make
fi
if test \"$CONFIGURATION\" = \"RelWithDebInfo\"; then :
  cd /Users/alexhao/desktop/CS184/cs184-final-project/xcode/CGL
  make -f /Users/alexhao/desktop/CS184/cs184-final-project/xcode/CGL/CMakeScripts/ReRunCMake.make
fi
";
			showEnvVarsInLog = 0;
		};
		3C0110FC8322DE7E50886E21 = {
			isa = PBXShellScriptBuildPhase;
			buildActionMask = 2147483647;
			files = (
			);
			inputPaths = (
			);
			outputPaths = (
			);
			runOnlyForDeploymentPostprocessing = 0;
			shellPath = /bin/sh;
			shellScript = "# shell script goes here
exit 0";
			showEnvVarsInLog = 0;
		};
		3C8B9B9628600475EB03CBF8 = {
			isa = PBXShellScriptBuildPhase;
			buildActionMask = 2147483647;
			files = (
			);
			inputPaths = (
			);
			outputPaths = (
			);
			runOnlyForDeploymentPostprocessing = 0;
			shellPath = /bin/sh;
			shellScript = "# shell script goes here
exit 0";
			showEnvVarsInLog = 0;
		};
		87AF4882E018677E2624B544 = {
			isa = PBXShellScriptBuildPhase;
			buildActionMask = 2147483647;
			files = (
			);
			inputPaths = (
			);
			outputPaths = (
			);
			runOnlyForDeploymentPostprocessing = 0;
			shellPath = /bin/sh;
			shellScript = "# shell script goes here
exit 0";
			showEnvVarsInLog = 0;
		};
		93426DA6A4AC2C2AC9CE883C /* CMake PostBuild Rules */ = {
			isa = PBXShellScriptBuildPhase;
			alwaysOutOfDate = 1;
			buildActionMask = 2147483647;
			files = (
			);
			name = "CMake PostBuild Rules";
			outputPaths = (
			);
			runOnlyForDeploymentPostprocessing = 0;
			shellPath = /bin/sh;
			shellScript = "set -e
if test \"$CONFIGURATION\" = \"Debug\"; then :
  cd /Users/alexhao/desktop/CS184/cs184-final-project/xcode/CGL
  /opt/homebrew/Cellar/cmake/3.22.3/bin/cmake -DBUILD_TYPE=$CONFIGURATION$EFFECTIVE_PLATFORM_NAME -P cmake_install.cmake
fi
if test \"$CONFIGURATION\" = \"Release\"; then :
  cd /Users/alexhao/desktop/CS184/cs184-final-project/xcode/CGL
  /opt/homebrew/Cellar/cmake/3.22.3/bin/cmake -DBUILD_TYPE=$CONFIGURATION$EFFECTIVE_PLATFORM_NAME -P cmake_install.cmake
fi
if test \"$CONFIGURATION\" = \"MinSizeRel\"; then :
  cd /Users/alexhao/desktop/CS184/cs184-final-project/xcode/CGL
  /opt/homebrew/Cellar/cmake/3.22.3/bin/cmake -DBUILD_TYPE=$CONFIGURATION$EFFECTIVE_PLATFORM_NAME -P cmake_install.cmake
fi
if test \"$CONFIGURATION\" = \"RelWithDebInfo\"; then :
  cd /Users/alexhao/desktop/CS184/cs184-final-project/xcode/CGL
  /opt/homebrew/Cellar/cmake/3.22.3/bin/cmake -DBUILD_TYPE=$CONFIGURATION$EFFECTIVE_PLATFORM_NAME -P cmake_install.cmake
fi
";
			showEnvVarsInLog = 0;
		};
		9B50530E35CC49C82C2FACCF = {
			isa = PBXShellScriptBuildPhase;
			buildActionMask = 2147483647;
			files = (
			);
			inputPaths = (
			);
			outputPaths = (
			);
			runOnlyForDeploymentPostprocessing = 0;
			shellPath = /bin/sh;
			shellScript = "# shell script goes here
exit 0";
			showEnvVarsInLog = 0;
		};
		AC676DBC3A5C0456D64BD647 /* Generate deps/glfw/CMakeFiles/uninstall */ = {
			isa = PBXShellScriptBuildPhase;
			alwaysOutOfDate = 1;
			buildActionMask = 2147483647;
			files = (
			);
			inputPaths = (
			);
			name = "Generate deps/glfw/CMakeFiles/uninstall";
			outputPaths = (
"/Users/alexhao/desktop/CS184/cs184-final-project/xcode/CGL/deps/glfw/CMakeFiles/uninstall"			);
			runOnlyForDeploymentPostprocessing = 0;
			shellPath = /bin/sh;
			shellScript = "set -e
if test \"$CONFIGURATION\" = \"Debug\"; then :
  cd /Users/alexhao/desktop/CS184/cs184-final-project/xcode/CGL/deps/glfw
  /opt/homebrew/Cellar/cmake/3.22.3/bin/cmake -P /Users/alexhao/desktop/CS184/cs184-final-project/xcode/CGL/deps/glfw/cmake_uninstall.cmake
fi
if test \"$CONFIGURATION\" = \"Release\"; then :
  cd /Users/alexhao/desktop/CS184/cs184-final-project/xcode/CGL/deps/glfw
  /opt/homebrew/Cellar/cmake/3.22.3/bin/cmake -P /Users/alexhao/desktop/CS184/cs184-final-project/xcode/CGL/deps/glfw/cmake_uninstall.cmake
fi
if test \"$CONFIGURATION\" = \"MinSizeRel\"; then :
  cd /Users/alexhao/desktop/CS184/cs184-final-project/xcode/CGL/deps/glfw
  /opt/homebrew/Cellar/cmake/3.22.3/bin/cmake -P /Users/alexhao/desktop/CS184/cs184-final-project/xcode/CGL/deps/glfw/cmake_uninstall.cmake
fi
if test \"$CONFIGURATION\" = \"RelWithDebInfo\"; then :
  cd /Users/alexhao/desktop/CS184/cs184-final-project/xcode/CGL/deps/glfw
  /opt/homebrew/Cellar/cmake/3.22.3/bin/cmake -P /Users/alexhao/desktop/CS184/cs184-final-project/xcode/CGL/deps/glfw/cmake_uninstall.cmake
fi
";
			showEnvVarsInLog = 0;
		};
		D7273F4C2A4A349EC97D0068 /* Generate CMakeFiles/ALL_BUILD */ = {
			isa = PBXShellScriptBuildPhase;
			alwaysOutOfDate = 1;
			buildActionMask = 2147483647;
			files = (
			);
			inputPaths = (
			);
			name = "Generate CMakeFiles/ALL_BUILD";
			outputPaths = (
"/Users/alexhao/desktop/CS184/cs184-final-project/xcode/CGL/CMakeFiles/ALL_BUILD"			);
			runOnlyForDeploymentPostprocessing = 0;
			shellPath = /bin/sh;
			shellScript = "set -e
if test \"$CONFIGURATION\" = \"Debug\"; then :
  cd /Users/alexhao/desktop/CS184/cs184-final-project/xcode/CGL
  echo Build\\ all\\ projects
fi
if test \"$CONFIGURATION\" = \"Release\"; then :
  cd /Users/alexhao/desktop/CS184/cs184-final-project/xcode/CGL
  echo Build\\ all\\ projects
fi
if test \"$CONFIGURATION\" = \"MinSizeRel\"; then :
  cd /Users/alexhao/desktop/CS184/cs184-final-project/xcode/CGL
  echo Build\\ all\\ projects
fi
if test \"$CONFIGURATION\" = \"RelWithDebInfo\"; then :
  cd /Users/alexhao/desktop/CS184/cs184-final-project/xcode/CGL
  echo Build\\ all\\ projects
fi
";
			showEnvVarsInLog = 0;
		};
/* End PBXShellScriptBuildPhase section */

/* Begin PBXSourcesBuildPhase section */
		20B8AC544367479DB8E50CFD /* Sources */ = {
			isa = PBXSourcesBuildPhase;
			buildActionMask = 2147483647;
			files = (
				46A688B9429B475EA49C6492 /* /Users/alexhao/desktop/CS184/cs184-final-project/CGL/deps/glew/src/glew.c */,
				0304DCA1A2954EA1B6E3D3EF /* /Users/alexhao/desktop/CS184/cs184-final-project/CGL/deps/glew/src/glewinfo.c */,
				32FC7D26CC8E4C87884A0E2C /* /Users/alexhao/desktop/CS184/cs184-final-project/CGL/deps/glew/src/visualinfo.c */,
			);
			runOnlyForDeploymentPostprocessing = 0;
		};
		4D9ECF470EAF4891AB800E27 /* Sources */ = {
			isa = PBXSourcesBuildPhase;
			buildActionMask = 2147483647;
			files = (
				BFEC4529CEE04E488B70286A /* /Users/alexhao/desktop/CS184/cs184-final-project/CGL/src/base64.cpp */,
				6802B98B84784DB59CF21272 /* /Users/alexhao/desktop/CS184/cs184-final-project/CGL/src/color.cpp */,
				64F7FDE10C4046008201EEA8 /* /Users/alexhao/desktop/CS184/cs184-final-project/CGL/src/complex.cpp */,
				F0B50F994461419BA4997536 /* /Users/alexhao/desktop/CS184/cs184-final-project/CGL/src/lodepng.cpp */,
				1C3F3D4160624510AD8EAB5D /* /Users/alexhao/desktop/CS184/cs184-final-project/CGL/src/matrix3x3.cpp */,
				B9C0236035D349A1B390F151 /* /Users/alexhao/desktop/CS184/cs184-final-project/CGL/src/matrix4x4.cpp */,
				95020883604C468790C785EF /* /Users/alexhao/desktop/CS184/cs184-final-project/CGL/src/osdfont.cpp */,
				0CF94CCFD30F41599066365B /* /Users/alexhao/desktop/CS184/cs184-final-project/CGL/src/osdtext.cpp */,
				0D77C173F1E5454BAD5157AB /* /Users/alexhao/desktop/CS184/cs184-final-project/CGL/src/path.cpp */,
				4E45CD3CCCE64C5F8E5E24D9 /* /Users/alexhao/desktop/CS184/cs184-final-project/CGL/src/quaternion.cpp */,
				2133FF246B7D424BB91F058F /* /Users/alexhao/desktop/CS184/cs184-final-project/CGL/src/tinyxml2.cpp */,
				86A977C9F120430BAFFC3D6F /* /Users/alexhao/desktop/CS184/cs184-final-project/CGL/src/vector2D.cpp */,
				2A9ACA1A5949485C8E085D42 /* /Users/alexhao/desktop/CS184/cs184-final-project/CGL/src/vector3D.cpp */,
				183E30286A4147FBADAB373A /* /Users/alexhao/desktop/CS184/cs184-final-project/CGL/src/vector4D.cpp */,
				BF06DC55BB0947549158A337 /* /Users/alexhao/desktop/CS184/cs184-final-project/CGL/src/viewer.cpp */,
			);
			runOnlyForDeploymentPostprocessing = 0;
		};
		87DA5610CFB14801AACECEF1 /* Sources */ = {
			isa = PBXSourcesBuildPhase;
			buildActionMask = 2147483647;
			files = (
				2BFD46A1E5904AF79BCEE488 /* /Users/alexhao/desktop/CS184/cs184-final-project/CGL/deps/glfw/src/cocoa_init.m */,
				7290592246F24D7E9510A263 /* /Users/alexhao/desktop/CS184/cs184-final-project/CGL/deps/glfw/src/cocoa_joystick.m */,
				F8F553DD60154693BAE4C81C /* /Users/alexhao/desktop/CS184/cs184-final-project/CGL/deps/glfw/src/cocoa_monitor.m */,
				4BDAB6A8B7334F91B206915F /* /Users/alexhao/desktop/CS184/cs184-final-project/CGL/deps/glfw/src/cocoa_time.c */,
				9AF4888270544AE88A3CE790 /* /Users/alexhao/desktop/CS184/cs184-final-project/CGL/deps/glfw/src/cocoa_window.m */,
				D22F90DDEEAF459F8C4FC188 /* /Users/alexhao/desktop/CS184/cs184-final-project/CGL/deps/glfw/src/context.c */,
				C8F1C14740534AA798FC51DE /* /Users/alexhao/desktop/CS184/cs184-final-project/CGL/deps/glfw/src/egl_context.c */,
				F121300EED294C7884830410 /* /Users/alexhao/desktop/CS184/cs184-final-project/CGL/deps/glfw/src/init.c */,
				B1F23424A82040B69887FDEC /* /Users/alexhao/desktop/CS184/cs184-final-project/CGL/deps/glfw/src/input.c */,
				B96A13ABF2D8432BA3266FDB /* /Users/alexhao/desktop/CS184/cs184-final-project/CGL/deps/glfw/src/monitor.c */,
				EE4F1754482A46A2A2B79807 /* /Users/alexhao/desktop/CS184/cs184-final-project/CGL/deps/glfw/src/nsgl_context.m */,
				B67877921AA04D1B9519F7FA /* /Users/alexhao/desktop/CS184/cs184-final-project/CGL/deps/glfw/src/osmesa_context.c */,
				0A0896251299461484763E7E /* /Users/alexhao/desktop/CS184/cs184-final-project/CGL/deps/glfw/src/posix_thread.c */,
				0AEFC600E3524318BE622713 /* /Users/alexhao/desktop/CS184/cs184-final-project/CGL/deps/glfw/src/vulkan.c */,
				9A073FF15F5647CA9ED957C5 /* /Users/alexhao/desktop/CS184/cs184-final-project/CGL/deps/glfw/src/window.c */,
			);
			runOnlyForDeploymentPostprocessing = 0;
		};
/* End PBXSourcesBuildPhase section */

/* Begin PBXTargetDependency section */
		11D00BB3CE4E4F94B6A240AA /* PBXTargetDependency */ = {
			isa = PBXTargetDependency;
			target = 8F68741F48BE4298A01FBC9C /* CGL */;
			targetProxy = 35E96F8C423B4DA789E393A4 /* PBXContainerItemProxy */;
		};
		3BA56DE952F94800BD631596 /* PBXTargetDependency */ = {
			isa = PBXTargetDependency;
			target = A4E48F828FB2441FB2BA5A00 /* ALL_BUILD */;
			targetProxy = 3F70D41D57D443D48FE091BB /* PBXContainerItemProxy */;
		};
		5068F2FE93B94644AF02E6C4 /* PBXTargetDependency */ = {
			isa = PBXTargetDependency;
			target = 8E65F200289C4CE487673DC5 /* glfw */;
			targetProxy = 5215B208E0664050815F9A61 /* PBXContainerItemProxy */;
		};
		54C2E5B03B8C4DD2B1189E34 /* PBXTargetDependency */ = {
			isa = PBXTargetDependency;
			target = C0E8E411D3094DF5B385ED41 /* glew */;
			targetProxy = 06D8673B81A64F6398A23285 /* PBXContainerItemProxy */;
		};
		6C1C4B5C61B745199D48798F /* PBXTargetDependency */ = {
			isa = PBXTargetDependency;
			target = C0E8E411D3094DF5B385ED41 /* glew */;
			targetProxy = 8BFA0AD9C6F9411EB4C219B4 /* PBXContainerItemProxy */;
		};
		AE9EB23AACA042639FB0028E /* PBXTargetDependency */ = {
			isa = PBXTargetDependency;
			target = C6B6329396E14EF0A6A1D82F /* ZERO_CHECK */;
			targetProxy = 7B721FA879C542FC8419DEF8 /* PBXContainerItemProxy */;
		};
		BE3EE9117D9A4A4384D54F51 /* PBXTargetDependency */ = {
			isa = PBXTargetDependency;
			target = 8E65F200289C4CE487673DC5 /* glfw */;
			targetProxy = E45AFED6EE1F4C7C9893BB14 /* PBXContainerItemProxy */;
		};
		D2D45357D3A54E828B014C59 /* PBXTargetDependency */ = {
			isa = PBXTargetDependency;
			target = C6B6329396E14EF0A6A1D82F /* ZERO_CHECK */;
			targetProxy = 702A3551CEEF4EA9BD90DB9C /* PBXContainerItemProxy */;
		};
/* End PBXTargetDependency section */

/* Begin XCBuildConfiguration section */
		03EB94AC0EF9450A899D4004 /* Release */ = {
			isa = XCBuildConfiguration;
			buildSettings = {
				ARCHS = arm64;
				COMBINE_HIDPI_IMAGES = YES;
				GCC_GENERATE_DEBUGGING_SYMBOLS = YES;
				GCC_INLINES_ARE_PRIVATE_EXTERN = NO;
				GCC_OPTIMIZATION_LEVEL = 0;
				GCC_PREPROCESSOR_DEFINITIONS = ("'CMAKE_INTDIR=\"$(CONFIGURATION)$(EFFECTIVE_PLATFORM_NAME)\"'","$(inherited)");
				GCC_SYMBOLS_PRIVATE_EXTERN = NO;
				INSTALL_PATH = "";
				ONLY_ACTIVE_ARCH = NO;
				OTHER_LDFLAGS = ("","$(inherited)");
				OTHER_REZFLAGS = "";
				PRODUCT_NAME = uninstall;
				SECTORDER_FLAGS = "";
				SYMROOT = "/Users/alexhao/desktop/CS184/cs184-final-project/xcode/CGL/deps/glfw";
				USE_HEADERMAP = NO;
				WARNING_CFLAGS = ("$(inherited)");
			};
			name = Release;
		};
		097BBF371E424BA8AF9F0CAD /* RelWithDebInfo */ = {
			isa = XCBuildConfiguration;
			buildSettings = {
				ARCHS = arm64;
				COMBINE_HIDPI_IMAGES = YES;
				GCC_GENERATE_DEBUGGING_SYMBOLS = YES;
				GCC_INLINES_ARE_PRIVATE_EXTERN = NO;
				GCC_OPTIMIZATION_LEVEL = 0;
				GCC_PREPROCESSOR_DEFINITIONS = ("'CMAKE_INTDIR=\"$(CONFIGURATION)$(EFFECTIVE_PLATFORM_NAME)\"'","$(inherited)");
				GCC_SYMBOLS_PRIVATE_EXTERN = NO;
				INSTALL_PATH = "";
				ONLY_ACTIVE_ARCH = NO;
				OTHER_LDFLAGS = ("","$(inherited)");
				OTHER_REZFLAGS = "";
				PRODUCT_NAME = ALL_BUILD;
				SECTORDER_FLAGS = "";
				SYMROOT = "/Users/alexhao/desktop/CS184/cs184-final-project/xcode/CGL";
				USE_HEADERMAP = NO;
				WARNING_CFLAGS = ("$(inherited)");
			};
			name = RelWithDebInfo;
		};
		17C6FDE2AF864405ABCB1AF5 /* Debug */ = {
			isa = XCBuildConfiguration;
			buildSettings = {
				ARCHS = arm64;
				COMBINE_HIDPI_IMAGES = YES;
				EXECUTABLE_PREFIX = lib;
				EXECUTABLE_SUFFIX = .a;
				GCC_GENERATE_DEBUGGING_SYMBOLS = YES;
				GCC_INLINES_ARE_PRIVATE_EXTERN = NO;
				GCC_OPTIMIZATION_LEVEL = 0;
				GCC_PREPROCESSOR_DEFINITIONS = ("'CMAKE_INTDIR=\"$(CONFIGURATION)$(EFFECTIVE_PLATFORM_NAME)\"'",GLEW_STATIC,"$(inherited)");
				GCC_SYMBOLS_PRIVATE_EXTERN = NO;
				HEADER_SEARCH_PATHS = ("/Users/alexhao/desktop/CS184/cs184-final-project/CGL/deps/glew/include","$(inherited)");
				INSTALL_PATH = "";
				LIBRARY_STYLE = STATIC;
				ONLY_ACTIVE_ARCH = NO;
				OTHER_CFLAGS = (" -fPIC    ","$(inherited)");
				OTHER_LIBTOOLFLAGS = ("");
				OTHER_REZFLAGS = "";
				PRODUCT_NAME = glew;
				SECTORDER_FLAGS = "";
				SYMROOT = "/Users/alexhao/desktop/CS184/cs184-final-project/xcode/CGL/deps/glew";
				USE_HEADERMAP = NO;
				WARNING_CFLAGS = ("$(inherited)");
			};
			name = Debug;
		};
		1FE6537D973D4CAE81176C31 /* Release */ = {
			isa = XCBuildConfiguration;
			buildSettings = {
				ARCHS = arm64;
				COMBINE_HIDPI_IMAGES = YES;
				GCC_GENERATE_DEBUGGING_SYMBOLS = YES;
				GCC_INLINES_ARE_PRIVATE_EXTERN = NO;
				GCC_OPTIMIZATION_LEVEL = 0;
				GCC_PREPROCESSOR_DEFINITIONS = ("'CMAKE_INTDIR=\"$(CONFIGURATION)$(EFFECTIVE_PLATFORM_NAME)\"'","$(inherited)");
				GCC_SYMBOLS_PRIVATE_EXTERN = NO;
				INSTALL_PATH = "";
				ONLY_ACTIVE_ARCH = NO;
				OTHER_LDFLAGS = ("","$(inherited)");
				OTHER_REZFLAGS = "";
				PRODUCT_NAME = ZERO_CHECK;
				SECTORDER_FLAGS = "";
				SYMROOT = "/Users/alexhao/desktop/CS184/cs184-final-project/xcode/CGL";
				USE_HEADERMAP = NO;
				WARNING_CFLAGS = ("$(inherited)");
			};
			name = Release;
		};
		211A5077577C412C93E135A1 /* MinSizeRel */ = {
			isa = XCBuildConfiguration;
			buildSettings = {
				ARCHS = arm64;
				COMBINE_HIDPI_IMAGES = YES;
				GCC_GENERATE_DEBUGGING_SYMBOLS = YES;
				GCC_INLINES_ARE_PRIVATE_EXTERN = NO;
				GCC_OPTIMIZATION_LEVEL = 0;
				GCC_PREPROCESSOR_DEFINITIONS = ("'CMAKE_INTDIR=\"$(CONFIGURATION)$(EFFECTIVE_PLATFORM_NAME)\"'","$(inherited)");
				GCC_SYMBOLS_PRIVATE_EXTERN = NO;
				INSTALL_PATH = "";
				ONLY_ACTIVE_ARCH = NO;
				OTHER_LDFLAGS = ("","$(inherited)");
				OTHER_REZFLAGS = "";
				PRODUCT_NAME = uninstall;
				SECTORDER_FLAGS = "";
				SYMROOT = "/Users/alexhao/desktop/CS184/cs184-final-project/xcode/CGL/deps/glfw";
				USE_HEADERMAP = NO;
				WARNING_CFLAGS = ("$(inherited)");
			};
			name = MinSizeRel;
		};
		219EBD5C89804134A04388BC /* Release */ = {
			isa = XCBuildConfiguration;
			buildSettings = {
				ARCHS = arm64;
				COMBINE_HIDPI_IMAGES = YES;
				EXECUTABLE_PREFIX = lib;
				EXECUTABLE_SUFFIX = .a;
				GCC_GENERATE_DEBUGGING_SYMBOLS = NO;
				GCC_INLINES_ARE_PRIVATE_EXTERN = NO;
				GCC_OPTIMIZATION_LEVEL = 3;
				GCC_PREPROCESSOR_DEFINITIONS = ("'CMAKE_INTDIR=\"$(CONFIGURATION)$(EFFECTIVE_PLATFORM_NAME)\"'",_GLFW_USE_CONFIG_H,GLEW_STATIC,"$(inherited)");
				GCC_SYMBOLS_PRIVATE_EXTERN = NO;
				HEADER_SEARCH_PATHS = ("/Users/alexhao/desktop/CS184/cs184-final-project/CGL/deps/glfw/include","/Users/alexhao/desktop/CS184/cs184-final-project/CGL/deps/glfw/src","/Users/alexhao/desktop/CS184/cs184-final-project/xcode/CGL/deps/glfw/src","$(inherited)");
				INSTALL_PATH = "";
				LIBRARY_STYLE = STATIC;
				ONLY_ACTIVE_ARCH = NO;
				OTHER_CFLAGS = (" -fPIC     -DNDEBUG -fPIC -Wall '-std=c99' ","$(inherited)");
				OTHER_LIBTOOLFLAGS = ("");
				OTHER_REZFLAGS = "";
				PRODUCT_NAME = glfw3;
				SECTORDER_FLAGS = "";
				SYMROOT = "/Users/alexhao/desktop/CS184/cs184-final-project/xcode/CGL/deps/glfw/src";
				USE_HEADERMAP = NO;
				WARNING_CFLAGS = ("$(inherited)");
			};
			name = Release;
		};
		23E0F7FC95344BA4AF78A9C1 /* Debug */ = {
			isa = XCBuildConfiguration;
			buildSettings = {
				ARCHS = arm64;
				COMBINE_HIDPI_IMAGES = YES;
				GCC_GENERATE_DEBUGGING_SYMBOLS = YES;
				GCC_INLINES_ARE_PRIVATE_EXTERN = NO;
				GCC_OPTIMIZATION_LEVEL = 0;
				GCC_PREPROCESSOR_DEFINITIONS = ("'CMAKE_INTDIR=\"$(CONFIGURATION)$(EFFECTIVE_PLATFORM_NAME)\"'","$(inherited)");
				GCC_SYMBOLS_PRIVATE_EXTERN = NO;
				INSTALL_PATH = "";
				ONLY_ACTIVE_ARCH = NO;
				OTHER_LDFLAGS = ("","$(inherited)");
				OTHER_REZFLAGS = "";
				PRODUCT_NAME = ALL_BUILD;
				SECTORDER_FLAGS = "";
				SYMROOT = "/Users/alexhao/desktop/CS184/cs184-final-project/xcode/CGL";
				USE_HEADERMAP = NO;
				WARNING_CFLAGS = ("$(inherited)");
			};
			name = Debug;
		};
		2A5F8D5C34F04ED68260E560 /* Debug */ = {
			isa = XCBuildConfiguration;
			buildSettings = {
				ARCHS = arm64;
				COMBINE_HIDPI_IMAGES = YES;
				EXECUTABLE_PREFIX = lib;
				EXECUTABLE_SUFFIX = .a;
				FRAMEWORK_SEARCH_PATHS = (/Applications/Xcode.app/Contents/Developer/Platforms/MacOSX.platform/Developer/SDKs/MacOSX12.3.sdk/System/Library/Frameworks,"$(inherited)");
				GCC_GENERATE_DEBUGGING_SYMBOLS = YES;
				GCC_INLINES_ARE_PRIVATE_EXTERN = NO;
				GCC_OPTIMIZATION_LEVEL = 3;
				GCC_PREPROCESSOR_DEFINITIONS = ("'CMAKE_INTDIR=\"$(CONFIGURATION)$(EFFECTIVE_PLATFORM_NAME)\"'",GLEW_STATIC,"$(inherited)");
				GCC_SYMBOLS_PRIVATE_EXTERN = NO;
				HEADER_SEARCH_PATHS = ("/Users/alexhao/desktop/CS184/cs184-final-project/CGL/include","/Users/alexhao/desktop/CS184/cs184-final-project/CGL/include/CGL",/opt/homebrew/include/freetype2,"/Users/alexhao/desktop/CS184/cs184-final-project/CGL/deps/glew/include","/Users/alexhao/desktop/CS184/cs184-final-project/CGL/deps/glfw/include","$(inherited)");
				INSTALL_PATH = "";
				LIBRARY_STYLE = STATIC;
				ONLY_ACTIVE_ARCH = NO;
				OTHER_CPLUSPLUSFLAGS = " -std=c++11 -m64 -fPIC         ";
				OTHER_LIBTOOLFLAGS = ("");
				OTHER_REZFLAGS = "";
				PRODUCT_NAME = CGL;
				SECTORDER_FLAGS = "";
				SYMROOT = "/Users/alexhao/desktop/CS184/cs184-final-project/xcode/CGL";
				USE_HEADERMAP = NO;
				WARNING_CFLAGS = ("$(inherited)");
			};
			name = Debug;
		};
		2A6670A8C6BA4F578BD4BE45 /* Release */ = {
			isa = XCBuildConfiguration;
			buildSettings = {
				ARCHS = arm64;
				COMBINE_HIDPI_IMAGES = YES;
				GCC_GENERATE_DEBUGGING_SYMBOLS = YES;
				GCC_INLINES_ARE_PRIVATE_EXTERN = NO;
				GCC_OPTIMIZATION_LEVEL = 0;
				GCC_PREPROCESSOR_DEFINITIONS = ("'CMAKE_INTDIR=\"$(CONFIGURATION)$(EFFECTIVE_PLATFORM_NAME)\"'","$(inherited)");
				GCC_SYMBOLS_PRIVATE_EXTERN = NO;
				INSTALL_PATH = "";
				ONLY_ACTIVE_ARCH = NO;
				OTHER_LDFLAGS = ("","$(inherited)");
				OTHER_REZFLAGS = "";
				PRODUCT_NAME = install;
				SECTORDER_FLAGS = "";
				SYMROOT = "/Users/alexhao/desktop/CS184/cs184-final-project/xcode/CGL";
				USE_HEADERMAP = NO;
				WARNING_CFLAGS = ("$(inherited)");
			};
			name = Release;
		};
		36646D13C75F4B979B2FDE68 /* Debug */ = {
			isa = XCBuildConfiguration;
			buildSettings = {
				ARCHS = arm64;
				COMBINE_HIDPI_IMAGES = YES;
				GCC_GENERATE_DEBUGGING_SYMBOLS = YES;
				GCC_INLINES_ARE_PRIVATE_EXTERN = NO;
				GCC_OPTIMIZATION_LEVEL = 0;
				GCC_PREPROCESSOR_DEFINITIONS = ("'CMAKE_INTDIR=\"$(CONFIGURATION)$(EFFECTIVE_PLATFORM_NAME)\"'","$(inherited)");
				GCC_SYMBOLS_PRIVATE_EXTERN = NO;
				INSTALL_PATH = "";
				ONLY_ACTIVE_ARCH = NO;
				OTHER_LDFLAGS = ("","$(inherited)");
				OTHER_REZFLAGS = "";
				PRODUCT_NAME = uninstall;
				SECTORDER_FLAGS = "";
				SYMROOT = "/Users/alexhao/desktop/CS184/cs184-final-project/xcode/CGL/deps/glfw";
				USE_HEADERMAP = NO;
				WARNING_CFLAGS = ("$(inherited)");
			};
			name = Debug;
		};
		39F13ED59332440A9CE1CD27 /* MinSizeRel */ = {
			isa = XCBuildConfiguration;
			buildSettings = {
				ARCHS = arm64;
				COMBINE_HIDPI_IMAGES = YES;
				EXECUTABLE_PREFIX = lib;
				EXECUTABLE_SUFFIX = .a;
				FRAMEWORK_SEARCH_PATHS = (/Applications/Xcode.app/Contents/Developer/Platforms/MacOSX.platform/Developer/SDKs/MacOSX12.3.sdk/System/Library/Frameworks,"$(inherited)");
				GCC_GENERATE_DEBUGGING_SYMBOLS = NO;
				GCC_INLINES_ARE_PRIVATE_EXTERN = NO;
				GCC_OPTIMIZATION_LEVEL = s;
				GCC_PREPROCESSOR_DEFINITIONS = ("'CMAKE_INTDIR=\"$(CONFIGURATION)$(EFFECTIVE_PLATFORM_NAME)\"'",GLEW_STATIC,"$(inherited)");
				GCC_SYMBOLS_PRIVATE_EXTERN = NO;
				HEADER_SEARCH_PATHS = ("/Users/alexhao/desktop/CS184/cs184-final-project/CGL/include","/Users/alexhao/desktop/CS184/cs184-final-project/CGL/include/CGL",/opt/homebrew/include/freetype2,"/Users/alexhao/desktop/CS184/cs184-final-project/CGL/deps/glew/include","/Users/alexhao/desktop/CS184/cs184-final-project/CGL/deps/glfw/include","$(inherited)");
				INSTALL_PATH = "";
				LIBRARY_STYLE = STATIC;
				ONLY_ACTIVE_ARCH = NO;
				OTHER_CPLUSPLUSFLAGS = " -std=c++11 -m64 -fPIC          -DNDEBUG ";
				OTHER_LIBTOOLFLAGS = ("");
				OTHER_REZFLAGS = "";
				PRODUCT_NAME = CGL;
				SECTORDER_FLAGS = "";
				SYMROOT = "/Users/alexhao/desktop/CS184/cs184-final-project/xcode/CGL";
				USE_HEADERMAP = NO;
				WARNING_CFLAGS = ("$(inherited)");
			};
			name = MinSizeRel;
		};
		3CC40DE9DD2D48CDB5839359 /* MinSizeRel */ = {
			isa = XCBuildConfiguration;
			buildSettings = {
				ARCHS = arm64;
				COMBINE_HIDPI_IMAGES = YES;
				EXECUTABLE_PREFIX = lib;
				EXECUTABLE_SUFFIX = .a;
				GCC_GENERATE_DEBUGGING_SYMBOLS = NO;
				GCC_INLINES_ARE_PRIVATE_EXTERN = NO;
				GCC_OPTIMIZATION_LEVEL = s;
				GCC_PREPROCESSOR_DEFINITIONS = ("'CMAKE_INTDIR=\"$(CONFIGURATION)$(EFFECTIVE_PLATFORM_NAME)\"'",GLEW_STATIC,"$(inherited)");
				GCC_SYMBOLS_PRIVATE_EXTERN = NO;
				HEADER_SEARCH_PATHS = ("/Users/alexhao/desktop/CS184/cs184-final-project/CGL/deps/glew/include","$(inherited)");
				INSTALL_PATH = "";
				LIBRARY_STYLE = STATIC;
				ONLY_ACTIVE_ARCH = NO;
				OTHER_CFLAGS = (" -fPIC     -DNDEBUG ","$(inherited)");
				OTHER_LIBTOOLFLAGS = ("");
				OTHER_REZFLAGS = "";
				PRODUCT_NAME = glew;
				SECTORDER_FLAGS = "";
				SYMROOT = "/Users/alexhao/desktop/CS184/cs184-final-project/xcode/CGL/deps/glew";
				USE_HEADERMAP = NO;
				WARNING_CFLAGS = ("$(inherited)");
			};
			name = MinSizeRel;
		};
		4CD45A19A72F4500829077AC /* RelWithDebInfo */ = {
			isa = XCBuildConfiguration;
			buildSettings = {
				ARCHS = arm64;
				COMBINE_HIDPI_IMAGES = YES;
				EXECUTABLE_PREFIX = lib;
				EXECUTABLE_SUFFIX = .a;
				GCC_GENERATE_DEBUGGING_SYMBOLS = YES;
				GCC_INLINES_ARE_PRIVATE_EXTERN = NO;
				GCC_OPTIMIZATION_LEVEL = 2;
				GCC_PREPROCESSOR_DEFINITIONS = ("'CMAKE_INTDIR=\"$(CONFIGURATION)$(EFFECTIVE_PLATFORM_NAME)\"'",_GLFW_USE_CONFIG_H,GLEW_STATIC,"$(inherited)");
				GCC_SYMBOLS_PRIVATE_EXTERN = NO;
				HEADER_SEARCH_PATHS = ("/Users/alexhao/desktop/CS184/cs184-final-project/CGL/deps/glfw/include","/Users/alexhao/desktop/CS184/cs184-final-project/CGL/deps/glfw/src","/Users/alexhao/desktop/CS184/cs184-final-project/xcode/CGL/deps/glfw/src","$(inherited)");
				INSTALL_PATH = "";
				LIBRARY_STYLE = STATIC;
				ONLY_ACTIVE_ARCH = NO;
				OTHER_CFLAGS = (" -fPIC        -DNDEBUG -fPIC -Wall '-std=c99' ","$(inherited)");
				OTHER_LIBTOOLFLAGS = ("");
				OTHER_REZFLAGS = "";
				PRODUCT_NAME = glfw3;
				SECTORDER_FLAGS = "";
				SYMROOT = "/Users/alexhao/desktop/CS184/cs184-final-project/xcode/CGL/deps/glfw/src";
				USE_HEADERMAP = NO;
				WARNING_CFLAGS = ("$(inherited)");
			};
			name = RelWithDebInfo;
		};
		50A122BCB7414D07B7DA76DA /* Release */ = {
			isa = XCBuildConfiguration;
			buildSettings = {
				ARCHS = arm64;
				COMBINE_HIDPI_IMAGES = YES;
				EXECUTABLE_PREFIX = lib;
				EXECUTABLE_SUFFIX = .a;
				GCC_GENERATE_DEBUGGING_SYMBOLS = NO;
				GCC_INLINES_ARE_PRIVATE_EXTERN = NO;
				GCC_OPTIMIZATION_LEVEL = 3;
				GCC_PREPROCESSOR_DEFINITIONS = ("'CMAKE_INTDIR=\"$(CONFIGURATION)$(EFFECTIVE_PLATFORM_NAME)\"'",GLEW_STATIC,"$(inherited)");
				GCC_SYMBOLS_PRIVATE_EXTERN = NO;
				HEADER_SEARCH_PATHS = ("/Users/alexhao/desktop/CS184/cs184-final-project/CGL/deps/glew/include","$(inherited)");
				INSTALL_PATH = "";
				LIBRARY_STYLE = STATIC;
				ONLY_ACTIVE_ARCH = NO;
				OTHER_CFLAGS = (" -fPIC     -DNDEBUG ","$(inherited)");
				OTHER_LIBTOOLFLAGS = ("");
				OTHER_REZFLAGS = "";
				PRODUCT_NAME = glew;
				SECTORDER_FLAGS = "";
				SYMROOT = "/Users/alexhao/desktop/CS184/cs184-final-project/xcode/CGL/deps/glew";
				USE_HEADERMAP = NO;
				WARNING_CFLAGS = ("$(inherited)");
			};
			name = Release;
		};
		604F60BD88A940FBA7185D32 /* MinSizeRel */ = {
			isa = XCBuildConfiguration;
			buildSettings = {
				ARCHS = arm64;
				COMBINE_HIDPI_IMAGES = YES;
				EXECUTABLE_PREFIX = lib;
				EXECUTABLE_SUFFIX = .a;
				GCC_GENERATE_DEBUGGING_SYMBOLS = NO;
				GCC_INLINES_ARE_PRIVATE_EXTERN = NO;
				GCC_OPTIMIZATION_LEVEL = s;
				GCC_PREPROCESSOR_DEFINITIONS = ("'CMAKE_INTDIR=\"$(CONFIGURATION)$(EFFECTIVE_PLATFORM_NAME)\"'",_GLFW_USE_CONFIG_H,GLEW_STATIC,"$(inherited)");
				GCC_SYMBOLS_PRIVATE_EXTERN = NO;
				HEADER_SEARCH_PATHS = ("/Users/alexhao/desktop/CS184/cs184-final-project/CGL/deps/glfw/include","/Users/alexhao/desktop/CS184/cs184-final-project/CGL/deps/glfw/src","/Users/alexhao/desktop/CS184/cs184-final-project/xcode/CGL/deps/glfw/src","$(inherited)");
				INSTALL_PATH = "";
				LIBRARY_STYLE = STATIC;
				ONLY_ACTIVE_ARCH = NO;
				OTHER_CFLAGS = (" -fPIC     -DNDEBUG -fPIC -Wall '-std=c99' ","$(inherited)");
				OTHER_LIBTOOLFLAGS = ("");
				OTHER_REZFLAGS = "";
				PRODUCT_NAME = glfw3;
				SECTORDER_FLAGS = "";
				SYMROOT = "/Users/alexhao/desktop/CS184/cs184-final-project/xcode/CGL/deps/glfw/src";
				USE_HEADERMAP = NO;
				WARNING_CFLAGS = ("$(inherited)");
			};
			name = MinSizeRel;
		};
		615374D4F48E4283AC2909F7 /* RelWithDebInfo */ = {
			isa = XCBuildConfiguration;
			buildSettings = {
				ARCHS = arm64;
				COMBINE_HIDPI_IMAGES = YES;
				GCC_GENERATE_DEBUGGING_SYMBOLS = YES;
				GCC_INLINES_ARE_PRIVATE_EXTERN = NO;
				GCC_OPTIMIZATION_LEVEL = 0;
				GCC_PREPROCESSOR_DEFINITIONS = ("'CMAKE_INTDIR=\"$(CONFIGURATION)$(EFFECTIVE_PLATFORM_NAME)\"'","$(inherited)");
				GCC_SYMBOLS_PRIVATE_EXTERN = NO;
				INSTALL_PATH = "";
				ONLY_ACTIVE_ARCH = NO;
				OTHER_LDFLAGS = ("","$(inherited)");
				OTHER_REZFLAGS = "";
				PRODUCT_NAME = uninstall;
				SECTORDER_FLAGS = "";
				SYMROOT = "/Users/alexhao/desktop/CS184/cs184-final-project/xcode/CGL/deps/glfw";
				USE_HEADERMAP = NO;
				WARNING_CFLAGS = ("$(inherited)");
			};
			name = RelWithDebInfo;
		};
		6453935A188848779D1CE6B9 /* RelWithDebInfo */ = {
			isa = XCBuildConfiguration;
			buildSettings = {
				ARCHS = arm64;
				COMBINE_HIDPI_IMAGES = YES;
				EXECUTABLE_PREFIX = lib;
				EXECUTABLE_SUFFIX = .a;
				GCC_GENERATE_DEBUGGING_SYMBOLS = YES;
				GCC_INLINES_ARE_PRIVATE_EXTERN = NO;
				GCC_OPTIMIZATION_LEVEL = 2;
				GCC_PREPROCESSOR_DEFINITIONS = ("'CMAKE_INTDIR=\"$(CONFIGURATION)$(EFFECTIVE_PLATFORM_NAME)\"'",GLEW_STATIC,"$(inherited)");
				GCC_SYMBOLS_PRIVATE_EXTERN = NO;
				HEADER_SEARCH_PATHS = ("/Users/alexhao/desktop/CS184/cs184-final-project/CGL/deps/glew/include","$(inherited)");
				INSTALL_PATH = "";
				LIBRARY_STYLE = STATIC;
				ONLY_ACTIVE_ARCH = NO;
				OTHER_CFLAGS = (" -fPIC        -DNDEBUG ","$(inherited)");
				OTHER_LIBTOOLFLAGS = ("");
				OTHER_REZFLAGS = "";
				PRODUCT_NAME = glew;
				SECTORDER_FLAGS = "";
				SYMROOT = "/Users/alexhao/desktop/CS184/cs184-final-project/xcode/CGL/deps/glew";
				USE_HEADERMAP = NO;
				WARNING_CFLAGS = ("$(inherited)");
			};
			name = RelWithDebInfo;
		};
		80DF81F31FDD46B3B5288CCB /* Release */ = {
			isa = XCBuildConfiguration;
			buildSettings = {
				ARCHS = arm64;
				COMBINE_HIDPI_IMAGES = YES;
				EXECUTABLE_PREFIX = lib;
				EXECUTABLE_SUFFIX = .a;
				FRAMEWORK_SEARCH_PATHS = (/Applications/Xcode.app/Contents/Developer/Platforms/MacOSX.platform/Developer/SDKs/MacOSX12.3.sdk/System/Library/Frameworks,"$(inherited)");
				GCC_GENERATE_DEBUGGING_SYMBOLS = NO;
				GCC_INLINES_ARE_PRIVATE_EXTERN = NO;
				GCC_OPTIMIZATION_LEVEL = 3;
				GCC_PREPROCESSOR_DEFINITIONS = ("'CMAKE_INTDIR=\"$(CONFIGURATION)$(EFFECTIVE_PLATFORM_NAME)\"'",GLEW_STATIC,"$(inherited)");
				GCC_SYMBOLS_PRIVATE_EXTERN = NO;
				HEADER_SEARCH_PATHS = ("/Users/alexhao/desktop/CS184/cs184-final-project/CGL/include","/Users/alexhao/desktop/CS184/cs184-final-project/CGL/include/CGL",/opt/homebrew/include/freetype2,"/Users/alexhao/desktop/CS184/cs184-final-project/CGL/deps/glew/include","/Users/alexhao/desktop/CS184/cs184-final-project/CGL/deps/glfw/include","$(inherited)");
				INSTALL_PATH = "";
				LIBRARY_STYLE = STATIC;
				ONLY_ACTIVE_ARCH = NO;
				OTHER_CPLUSPLUSFLAGS = " -std=c++11 -m64 -fPIC          -DNDEBUG ";
				OTHER_LIBTOOLFLAGS = ("");
				OTHER_REZFLAGS = "";
				PRODUCT_NAME = CGL;
				SECTORDER_FLAGS = "";
				SYMROOT = "/Users/alexhao/desktop/CS184/cs184-final-project/xcode/CGL";
				USE_HEADERMAP = NO;
				WARNING_CFLAGS = ("$(inherited)");
			};
			name = Release;
		};
		8217472F2C6A43CBB1C68789 /* RelWithDebInfo */ = {
			isa = XCBuildConfiguration;
			buildSettings = {
				ARCHS = arm64;
				COMBINE_HIDPI_IMAGES = YES;
				GCC_GENERATE_DEBUGGING_SYMBOLS = YES;
				GCC_INLINES_ARE_PRIVATE_EXTERN = NO;
				GCC_OPTIMIZATION_LEVEL = 0;
				GCC_PREPROCESSOR_DEFINITIONS = ("'CMAKE_INTDIR=\"$(CONFIGURATION)$(EFFECTIVE_PLATFORM_NAME)\"'","$(inherited)");
				GCC_SYMBOLS_PRIVATE_EXTERN = NO;
				INSTALL_PATH = "";
				ONLY_ACTIVE_ARCH = NO;
				OTHER_LDFLAGS = ("","$(inherited)");
				OTHER_REZFLAGS = "";
				PRODUCT_NAME = install;
				SECTORDER_FLAGS = "";
				SYMROOT = "/Users/alexhao/desktop/CS184/cs184-final-project/xcode/CGL";
				USE_HEADERMAP = NO;
				WARNING_CFLAGS = ("$(inherited)");
			};
			name = RelWithDebInfo;
		};
		9E2A4DBDB7DE46B29F829025 /* RelWithDebInfo */ = {
			isa = XCBuildConfiguration;
			buildSettings = {
				ARCHS = arm64;
				COMBINE_HIDPI_IMAGES = YES;
				GCC_GENERATE_DEBUGGING_SYMBOLS = YES;
				GCC_INLINES_ARE_PRIVATE_EXTERN = NO;
				GCC_OPTIMIZATION_LEVEL = 0;
				GCC_PREPROCESSOR_DEFINITIONS = ("'CMAKE_INTDIR=\"$(CONFIGURATION)$(EFFECTIVE_PLATFORM_NAME)\"'","$(inherited)");
				GCC_SYMBOLS_PRIVATE_EXTERN = NO;
				INSTALL_PATH = "";
				ONLY_ACTIVE_ARCH = NO;
				OTHER_LDFLAGS = ("","$(inherited)");
				OTHER_REZFLAGS = "";
				PRODUCT_NAME = ZERO_CHECK;
				SECTORDER_FLAGS = "";
				SYMROOT = "/Users/alexhao/desktop/CS184/cs184-final-project/xcode/CGL";
				USE_HEADERMAP = NO;
				WARNING_CFLAGS = ("$(inherited)");
			};
			name = RelWithDebInfo;
		};
		B481793BEC734858803550C8 /* MinSizeRel */ = {
			isa = XCBuildConfiguration;
			buildSettings = {
				ARCHS = arm64;
				COMBINE_HIDPI_IMAGES = YES;
				GCC_GENERATE_DEBUGGING_SYMBOLS = YES;
				GCC_INLINES_ARE_PRIVATE_EXTERN = NO;
				GCC_OPTIMIZATION_LEVEL = 0;
				GCC_PREPROCESSOR_DEFINITIONS = ("'CMAKE_INTDIR=\"$(CONFIGURATION)$(EFFECTIVE_PLATFORM_NAME)\"'","$(inherited)");
				GCC_SYMBOLS_PRIVATE_EXTERN = NO;
				INSTALL_PATH = "";
				ONLY_ACTIVE_ARCH = NO;
				OTHER_LDFLAGS = ("","$(inherited)");
				OTHER_REZFLAGS = "";
				PRODUCT_NAME = ZERO_CHECK;
				SECTORDER_FLAGS = "";
				SYMROOT = "/Users/alexhao/desktop/CS184/cs184-final-project/xcode/CGL";
				USE_HEADERMAP = NO;
				WARNING_CFLAGS = ("$(inherited)");
			};
			name = MinSizeRel;
		};
		BB2698F82D71421AA225C29D /* MinSizeRel */ = {
			isa = XCBuildConfiguration;
			buildSettings = {
				ARCHS = arm64;
				COMBINE_HIDPI_IMAGES = YES;
				GCC_GENERATE_DEBUGGING_SYMBOLS = YES;
				GCC_INLINES_ARE_PRIVATE_EXTERN = NO;
				GCC_OPTIMIZATION_LEVEL = 0;
				GCC_PREPROCESSOR_DEFINITIONS = ("'CMAKE_INTDIR=\"$(CONFIGURATION)$(EFFECTIVE_PLATFORM_NAME)\"'","$(inherited)");
				GCC_SYMBOLS_PRIVATE_EXTERN = NO;
				INSTALL_PATH = "";
				ONLY_ACTIVE_ARCH = NO;
				OTHER_LDFLAGS = ("","$(inherited)");
				OTHER_REZFLAGS = "";
				PRODUCT_NAME = install;
				SECTORDER_FLAGS = "";
				SYMROOT = "/Users/alexhao/desktop/CS184/cs184-final-project/xcode/CGL";
				USE_HEADERMAP = NO;
				WARNING_CFLAGS = ("$(inherited)");
			};
			name = MinSizeRel;
		};
		CD6BFC3DD3BC441B87E8EB71 /* RelWithDebInfo */ = {
			isa = XCBuildConfiguration;
			buildSettings = {
				ARCHS = arm64;
				SDKROOT = /Applications/Xcode.app/Contents/Developer/Platforms/MacOSX.platform/Developer/SDKs/MacOSX12.3.sdk;
				SYMROOT = "/Users/alexhao/desktop/CS184/cs184-final-project/xcode/CGL/build";
			};
			name = RelWithDebInfo;
		};
		D676CE26851C44AFADD88374 /* Release */ = {
			isa = XCBuildConfiguration;
			buildSettings = {
				ARCHS = arm64;
				COMBINE_HIDPI_IMAGES = YES;
				GCC_GENERATE_DEBUGGING_SYMBOLS = YES;
				GCC_INLINES_ARE_PRIVATE_EXTERN = NO;
				GCC_OPTIMIZATION_LEVEL = 0;
				GCC_PREPROCESSOR_DEFINITIONS = ("'CMAKE_INTDIR=\"$(CONFIGURATION)$(EFFECTIVE_PLATFORM_NAME)\"'","$(inherited)");
				GCC_SYMBOLS_PRIVATE_EXTERN = NO;
				INSTALL_PATH = "";
				ONLY_ACTIVE_ARCH = NO;
				OTHER_LDFLAGS = ("","$(inherited)");
				OTHER_REZFLAGS = "";
				PRODUCT_NAME = ALL_BUILD;
				SECTORDER_FLAGS = "";
				SYMROOT = "/Users/alexhao/desktop/CS184/cs184-final-project/xcode/CGL";
				USE_HEADERMAP = NO;
				WARNING_CFLAGS = ("$(inherited)");
			};
			name = Release;
		};
		D921E66A02654776B0BA8E76 /* Release */ = {
			isa = XCBuildConfiguration;
			buildSettings = {
				ARCHS = arm64;
				SDKROOT = /Applications/Xcode.app/Contents/Developer/Platforms/MacOSX.platform/Developer/SDKs/MacOSX12.3.sdk;
				SYMROOT = "/Users/alexhao/desktop/CS184/cs184-final-project/xcode/CGL/build";
			};
			name = Release;
		};
		D9292299F8434B63BFA65B52 /* MinSizeRel */ = {
			isa = XCBuildConfiguration;
			buildSettings = {
				ARCHS = arm64;
				SDKROOT = /Applications/Xcode.app/Contents/Developer/Platforms/MacOSX.platform/Developer/SDKs/MacOSX12.3.sdk;
				SYMROOT = "/Users/alexhao/desktop/CS184/cs184-final-project/xcode/CGL/build";
			};
			name = MinSizeRel;
		};
		E9058FF056CF438297F06467 /* Debug */ = {
			isa = XCBuildConfiguration;
			buildSettings = {
				ARCHS = arm64;
				SDKROOT = /Applications/Xcode.app/Contents/Developer/Platforms/MacOSX.platform/Developer/SDKs/MacOSX12.3.sdk;
				SYMROOT = "/Users/alexhao/desktop/CS184/cs184-final-project/xcode/CGL/build";
			};
			name = Debug;
		};
		ECF9EB0ECE1C4F95A485B7CE /* MinSizeRel */ = {
			isa = XCBuildConfiguration;
			buildSettings = {
				ARCHS = arm64;
				COMBINE_HIDPI_IMAGES = YES;
				GCC_GENERATE_DEBUGGING_SYMBOLS = YES;
				GCC_INLINES_ARE_PRIVATE_EXTERN = NO;
				GCC_OPTIMIZATION_LEVEL = 0;
				GCC_PREPROCESSOR_DEFINITIONS = ("'CMAKE_INTDIR=\"$(CONFIGURATION)$(EFFECTIVE_PLATFORM_NAME)\"'","$(inherited)");
				GCC_SYMBOLS_PRIVATE_EXTERN = NO;
				INSTALL_PATH = "";
				ONLY_ACTIVE_ARCH = NO;
				OTHER_LDFLAGS = ("","$(inherited)");
				OTHER_REZFLAGS = "";
				PRODUCT_NAME = ALL_BUILD;
				SECTORDER_FLAGS = "";
				SYMROOT = "/Users/alexhao/desktop/CS184/cs184-final-project/xcode/CGL";
				USE_HEADERMAP = NO;
				WARNING_CFLAGS = ("$(inherited)");
			};
			name = MinSizeRel;
		};
		F7F1E20CB4464CCA8857E3F3 /* Debug */ = {
			isa = XCBuildConfiguration;
			buildSettings = {
				ARCHS = arm64;
				COMBINE_HIDPI_IMAGES = YES;
				GCC_GENERATE_DEBUGGING_SYMBOLS = YES;
				GCC_INLINES_ARE_PRIVATE_EXTERN = NO;
				GCC_OPTIMIZATION_LEVEL = 0;
				GCC_PREPROCESSOR_DEFINITIONS = ("'CMAKE_INTDIR=\"$(CONFIGURATION)$(EFFECTIVE_PLATFORM_NAME)\"'","$(inherited)");
				GCC_SYMBOLS_PRIVATE_EXTERN = NO;
				INSTALL_PATH = "";
				ONLY_ACTIVE_ARCH = NO;
				OTHER_LDFLAGS = ("","$(inherited)");
				OTHER_REZFLAGS = "";
				PRODUCT_NAME = install;
				SECTORDER_FLAGS = "";
				SYMROOT = "/Users/alexhao/desktop/CS184/cs184-final-project/xcode/CGL";
				USE_HEADERMAP = NO;
				WARNING_CFLAGS = ("$(inherited)");
			};
			name = Debug;
		};
		F94CB56DBD084E37A993B2E8 /* Debug */ = {
			isa = XCBuildConfiguration;
			buildSettings = {
				ARCHS = arm64;
				COMBINE_HIDPI_IMAGES = YES;
				GCC_GENERATE_DEBUGGING_SYMBOLS = YES;
				GCC_INLINES_ARE_PRIVATE_EXTERN = NO;
				GCC_OPTIMIZATION_LEVEL = 0;
				GCC_PREPROCESSOR_DEFINITIONS = ("'CMAKE_INTDIR=\"$(CONFIGURATION)$(EFFECTIVE_PLATFORM_NAME)\"'","$(inherited)");
				GCC_SYMBOLS_PRIVATE_EXTERN = NO;
				INSTALL_PATH = "";
				ONLY_ACTIVE_ARCH = NO;
				OTHER_LDFLAGS = ("","$(inherited)");
				OTHER_REZFLAGS = "";
				PRODUCT_NAME = ZERO_CHECK;
				SECTORDER_FLAGS = "";
				SYMROOT = "/Users/alexhao/desktop/CS184/cs184-final-project/xcode/CGL";
				USE_HEADERMAP = NO;
				WARNING_CFLAGS = ("$(inherited)");
			};
			name = Debug;
		};
		F95BAF61A7E54D398D83F94C /* RelWithDebInfo */ = {
			isa = XCBuildConfiguration;
			buildSettings = {
				ARCHS = arm64;
				COMBINE_HIDPI_IMAGES = YES;
				EXECUTABLE_PREFIX = lib;
				EXECUTABLE_SUFFIX = .a;
				FRAMEWORK_SEARCH_PATHS = (/Applications/Xcode.app/Contents/Developer/Platforms/MacOSX.platform/Developer/SDKs/MacOSX12.3.sdk/System/Library/Frameworks,"$(inherited)");
				GCC_GENERATE_DEBUGGING_SYMBOLS = YES;
				GCC_INLINES_ARE_PRIVATE_EXTERN = NO;
				GCC_OPTIMIZATION_LEVEL = 2;
				GCC_PREPROCESSOR_DEFINITIONS = ("'CMAKE_INTDIR=\"$(CONFIGURATION)$(EFFECTIVE_PLATFORM_NAME)\"'",GLEW_STATIC,"$(inherited)");
				GCC_SYMBOLS_PRIVATE_EXTERN = NO;
				HEADER_SEARCH_PATHS = ("/Users/alexhao/desktop/CS184/cs184-final-project/CGL/include","/Users/alexhao/desktop/CS184/cs184-final-project/CGL/include/CGL",/opt/homebrew/include/freetype2,"/Users/alexhao/desktop/CS184/cs184-final-project/CGL/deps/glew/include","/Users/alexhao/desktop/CS184/cs184-final-project/CGL/deps/glfw/include","$(inherited)");
				INSTALL_PATH = "";
				LIBRARY_STYLE = STATIC;
				ONLY_ACTIVE_ARCH = NO;
				OTHER_CPLUSPLUSFLAGS = " -std=c++11 -m64 -fPIC             -DNDEBUG ";
				OTHER_LIBTOOLFLAGS = ("");
				OTHER_REZFLAGS = "";
				PRODUCT_NAME = CGL;
				SECTORDER_FLAGS = "";
				SYMROOT = "/Users/alexhao/desktop/CS184/cs184-final-project/xcode/CGL";
				USE_HEADERMAP = NO;
				WARNING_CFLAGS = ("$(inherited)");
			};
			name = RelWithDebInfo;
		};
		FEB1DDD615874D96BA96DED8 /* Debug */ = {
			isa = XCBuildConfiguration;
			buildSettings = {
				ARCHS = arm64;
				COMBINE_HIDPI_IMAGES = YES;
				EXECUTABLE_PREFIX = lib;
				EXECUTABLE_SUFFIX = .a;
				GCC_GENERATE_DEBUGGING_SYMBOLS = YES;
				GCC_INLINES_ARE_PRIVATE_EXTERN = NO;
				GCC_OPTIMIZATION_LEVEL = 0;
				GCC_PREPROCESSOR_DEFINITIONS = ("'CMAKE_INTDIR=\"$(CONFIGURATION)$(EFFECTIVE_PLATFORM_NAME)\"'",_GLFW_USE_CONFIG_H,GLEW_STATIC,"$(inherited)");
				GCC_SYMBOLS_PRIVATE_EXTERN = NO;
				HEADER_SEARCH_PATHS = ("/Users/alexhao/desktop/CS184/cs184-final-project/CGL/deps/glfw/include","/Users/alexhao/desktop/CS184/cs184-final-project/CGL/deps/glfw/src","/Users/alexhao/desktop/CS184/cs184-final-project/xcode/CGL/deps/glfw/src","$(inherited)");
				INSTALL_PATH = "";
				LIBRARY_STYLE = STATIC;
				ONLY_ACTIVE_ARCH = NO;
				OTHER_CFLAGS = (" -fPIC    -fPIC -Wall '-std=c99' ","$(inherited)");
				OTHER_LIBTOOLFLAGS = ("");
				OTHER_REZFLAGS = "";
				PRODUCT_NAME = glfw3;
				SECTORDER_FLAGS = "";
				SYMROOT = "/Users/alexhao/desktop/CS184/cs184-final-project/xcode/CGL/deps/glfw/src";
				USE_HEADERMAP = NO;
				WARNING_CFLAGS = ("$(inherited)");
			};
			name = Debug;
		};
/* End XCBuildConfiguration section */

/* Begin XCConfigurationList section */
		380C32BBF1ED4711B1026102 /* Build configuration list for PBXAggregateTarget "uninstall" */ = {
			isa = XCConfigurationList;
			buildConfigurations = (
				36646D13C75F4B979B2FDE68 /* Debug */,
				03EB94AC0EF9450A899D4004 /* Release */,
				211A5077577C412C93E135A1 /* MinSizeRel */,
				615374D4F48E4283AC2909F7 /* RelWithDebInfo */,
			);
			defaultConfigurationIsVisible = 0;
			defaultConfigurationName = Debug;
		};
		56A8EC376CA74B14933A681E /* Build configuration list for PBXAggregateTarget "ALL_BUILD" */ = {
			isa = XCConfigurationList;
			buildConfigurations = (
				23E0F7FC95344BA4AF78A9C1 /* Debug */,
				D676CE26851C44AFADD88374 /* Release */,
				ECF9EB0ECE1C4F95A485B7CE /* MinSizeRel */,
				097BBF371E424BA8AF9F0CAD /* RelWithDebInfo */,
			);
			defaultConfigurationIsVisible = 0;
			defaultConfigurationName = Debug;
		};
		64CC681FBAB54BE38DBF9453 /* Build configuration list for PBXNativeTarget "CGL" */ = {
			isa = XCConfigurationList;
			buildConfigurations = (
				2A5F8D5C34F04ED68260E560 /* Debug */,
				80DF81F31FDD46B3B5288CCB /* Release */,
				39F13ED59332440A9CE1CD27 /* MinSizeRel */,
				F95BAF61A7E54D398D83F94C /* RelWithDebInfo */,
			);
			defaultConfigurationIsVisible = 0;
			defaultConfigurationName = Debug;
		};
		CEDDC71DBFF94C17B8004FBE /* Build configuration list for PBXAggregateTarget "install" */ = {
			isa = XCConfigurationList;
			buildConfigurations = (
				F7F1E20CB4464CCA8857E3F3 /* Debug */,
				2A6670A8C6BA4F578BD4BE45 /* Release */,
				BB2698F82D71421AA225C29D /* MinSizeRel */,
				8217472F2C6A43CBB1C68789 /* RelWithDebInfo */,
			);
			defaultConfigurationIsVisible = 0;
			defaultConfigurationName = Debug;
		};
		E5208E554EBB4AAC91F04B1F /* Build configuration list for PBXNativeTarget "glfw" */ = {
			isa = XCConfigurationList;
			buildConfigurations = (
				FEB1DDD615874D96BA96DED8 /* Debug */,
				219EBD5C89804134A04388BC /* Release */,
				604F60BD88A940FBA7185D32 /* MinSizeRel */,
				4CD45A19A72F4500829077AC /* RelWithDebInfo */,
			);
			defaultConfigurationIsVisible = 0;
			defaultConfigurationName = Debug;
		};
		E5C71D0F188A40C8A85ABA89 /* Build configuration list for PBXProject "CGL" */ = {
			isa = XCConfigurationList;
			buildConfigurations = (
				E9058FF056CF438297F06467 /* Debug */,
				D921E66A02654776B0BA8E76 /* Release */,
				D9292299F8434B63BFA65B52 /* MinSizeRel */,
				CD6BFC3DD3BC441B87E8EB71 /* RelWithDebInfo */,
			);
			defaultConfigurationIsVisible = 0;
			defaultConfigurationName = Debug;
		};
		EC86E3B956E14A699EDA0B0F /* Build configuration list for PBXAggregateTarget "ZERO_CHECK" */ = {
			isa = XCConfigurationList;
			buildConfigurations = (
				F94CB56DBD084E37A993B2E8 /* Debug */,
				1FE6537D973D4CAE81176C31 /* Release */,
				B481793BEC734858803550C8 /* MinSizeRel */,
				9E2A4DBDB7DE46B29F829025 /* RelWithDebInfo */,
			);
			defaultConfigurationIsVisible = 0;
			defaultConfigurationName = Debug;
		};
		F245AFA0EB374FDA82222AB6 /* Build configuration list for PBXNativeTarget "glew" */ = {
			isa = XCConfigurationList;
			buildConfigurations = (
				17C6FDE2AF864405ABCB1AF5 /* Debug */,
				50A122BCB7414D07B7DA76DA /* Release */,
				3CC40DE9DD2D48CDB5839359 /* MinSizeRel */,
				6453935A188848779D1CE6B9 /* RelWithDebInfo */,
			);
			defaultConfigurationIsVisible = 0;
			defaultConfigurationName = Debug;
		};
/* End XCConfigurationList section */
	};
	rootObject = D94F7B46DCB942EFBC739049 /* Project object */;
}
